// !$*UTF8*$!
{
	archiveVersion = 1;
	classes = {
	};
	objectVersion = 50;
	objects = {

/* Begin PBXBuildFile section */
		6F5D0C1521832391000F85AD /* DNSResolver.swift in Sources */ = {isa = PBXBuildFile; fileRef = 6F5D0C1421832391000F85AD /* DNSResolver.swift */; };
		6F5D0C1D218352EF000F85AD /* PacketTunnelProvider.swift in Sources */ = {isa = PBXBuildFile; fileRef = 6F5D0C1C218352EF000F85AD /* PacketTunnelProvider.swift */; };
		6F5D0C22218352EF000F85AD /* WireGuardNetworkExtension.appex in Embed App Extensions */ = {isa = PBXBuildFile; fileRef = 6F5D0C1A218352EF000F85AD /* WireGuardNetworkExtension.appex */; settings = {ATTRIBUTES = (RemoveHeadersOnCopy, ); }; };
		6F628C3D217F09E9003482A3 /* TunnelViewModel.swift in Sources */ = {isa = PBXBuildFile; fileRef = 6F628C3C217F09E9003482A3 /* TunnelViewModel.swift */; };
		6F628C3F217F3413003482A3 /* DNSServer.swift in Sources */ = {isa = PBXBuildFile; fileRef = 6F628C3E217F3413003482A3 /* DNSServer.swift */; };
		6F628C41217F47DB003482A3 /* TunnelDetailTableViewController.swift in Sources */ = {isa = PBXBuildFile; fileRef = 6F628C40217F47DB003482A3 /* TunnelDetailTableViewController.swift */; };
		6F6899A62180447E0012E523 /* x25519.c in Sources */ = {isa = PBXBuildFile; fileRef = 6F6899A52180447E0012E523 /* x25519.c */; };
		6F6899A8218044FC0012E523 /* Curve25519.swift in Sources */ = {isa = PBXBuildFile; fileRef = 6F6899A7218044FC0012E523 /* Curve25519.swift */; };
		6F6899AC218099F00012E523 /* WgQuickConfigFileParser.swift in Sources */ = {isa = PBXBuildFile; fileRef = 6F6899AB218099F00012E523 /* WgQuickConfigFileParser.swift */; };
		6F6899B02181B07B0012E523 /* FilePicker.swift in Sources */ = {isa = PBXBuildFile; fileRef = 6F6899AF2181B07A0012E523 /* FilePicker.swift */; };
		6F693A562179E556008551C1 /* Endpoint.swift in Sources */ = {isa = PBXBuildFile; fileRef = 6F693A552179E556008551C1 /* Endpoint.swift */; };
		6F7774E1217181B1006A79B3 /* MainViewController.swift in Sources */ = {isa = PBXBuildFile; fileRef = 6F7774DF217181B1006A79B3 /* MainViewController.swift */; };
		6F7774E2217181B1006A79B3 /* AppDelegate.swift in Sources */ = {isa = PBXBuildFile; fileRef = 6F7774E0217181B1006A79B3 /* AppDelegate.swift */; };
		6F7774E421718281006A79B3 /* TunnelsListTableViewController.swift in Sources */ = {isa = PBXBuildFile; fileRef = 6F7774E321718281006A79B3 /* TunnelsListTableViewController.swift */; };
		6F7774E82172020C006A79B3 /* Configuration.swift in Sources */ = {isa = PBXBuildFile; fileRef = 6F7774E72172020C006A79B3 /* Configuration.swift */; };
		6F7774EA217229DB006A79B3 /* IPAddressRange.swift in Sources */ = {isa = PBXBuildFile; fileRef = 6F7774E9217229DB006A79B3 /* IPAddressRange.swift */; };
		6F7774EF21722D97006A79B3 /* TunnelsManager.swift in Sources */ = {isa = PBXBuildFile; fileRef = 6F7774EE21722D97006A79B3 /* TunnelsManager.swift */; };
		6F7774F321774263006A79B3 /* TunnelEditTableViewController.swift in Sources */ = {isa = PBXBuildFile; fileRef = 6F7774F221774263006A79B3 /* TunnelEditTableViewController.swift */; };
		6FF4AC1F211EC472002C96EB /* Assets.xcassets in Resources */ = {isa = PBXBuildFile; fileRef = 6FF4AC1E211EC472002C96EB /* Assets.xcassets */; };
		6FF4AC22211EC472002C96EB /* LaunchScreen.storyboard in Resources */ = {isa = PBXBuildFile; fileRef = 6FF4AC20211EC472002C96EB /* LaunchScreen.storyboard */; };
		6FF4AC472120B9E0002C96EB /* NetworkExtension.framework in Frameworks */ = {isa = PBXBuildFile; fileRef = 6FF4AC462120B9E0002C96EB /* NetworkExtension.framework */; };
/* End PBXBuildFile section */

/* Begin PBXContainerItemProxy section */
		6F5D0C20218352EF000F85AD /* PBXContainerItemProxy */ = {
			isa = PBXContainerItemProxy;
			containerPortal = 6FF4AC0C211EC46F002C96EB /* Project object */;
			proxyType = 1;
			remoteGlobalIDString = 6F5D0C19218352EF000F85AD;
			remoteInfo = WireGuardNetworkExtension;
		};
/* End PBXContainerItemProxy section */

/* Begin PBXCopyFilesBuildPhase section */
		6F5D0C26218352EF000F85AD /* Embed App Extensions */ = {
			isa = PBXCopyFilesBuildPhase;
			buildActionMask = 2147483647;
			dstPath = "";
			dstSubfolderSpec = 13;
			files = (
				6F5D0C22218352EF000F85AD /* WireGuardNetworkExtension.appex in Embed App Extensions */,
			);
			name = "Embed App Extensions";
			runOnlyForDeploymentPostprocessing = 0;
		};
/* End PBXCopyFilesBuildPhase section */

/* Begin PBXFileReference section */
		6F5D0C1421832391000F85AD /* DNSResolver.swift */ = {isa = PBXFileReference; lastKnownFileType = sourcecode.swift; path = DNSResolver.swift; sourceTree = "<group>"; };
		6F5D0C1A218352EF000F85AD /* WireGuardNetworkExtension.appex */ = {isa = PBXFileReference; explicitFileType = "wrapper.app-extension"; includeInIndex = 0; path = WireGuardNetworkExtension.appex; sourceTree = BUILT_PRODUCTS_DIR; };
		6F5D0C1C218352EF000F85AD /* PacketTunnelProvider.swift */ = {isa = PBXFileReference; lastKnownFileType = sourcecode.swift; path = PacketTunnelProvider.swift; sourceTree = "<group>"; };
		6F5D0C1E218352EF000F85AD /* Info.plist */ = {isa = PBXFileReference; lastKnownFileType = text.plist.xml; path = Info.plist; sourceTree = "<group>"; };
		6F5D0C1F218352EF000F85AD /* WireGuardNetworkExtension.entitlements */ = {isa = PBXFileReference; lastKnownFileType = text.plist.entitlements; path = WireGuardNetworkExtension.entitlements; sourceTree = "<group>"; };
		6F5D0C3421839E37000F85AD /* WireGuardNetworkExtension-Bridging-Header.h */ = {isa = PBXFileReference; lastKnownFileType = sourcecode.c.h; path = "WireGuardNetworkExtension-Bridging-Header.h"; sourceTree = "<group>"; };
		6F628C3C217F09E9003482A3 /* TunnelViewModel.swift */ = {isa = PBXFileReference; lastKnownFileType = sourcecode.swift; path = TunnelViewModel.swift; sourceTree = "<group>"; };
		6F628C3E217F3413003482A3 /* DNSServer.swift */ = {isa = PBXFileReference; lastKnownFileType = sourcecode.swift; path = DNSServer.swift; sourceTree = "<group>"; };
		6F628C40217F47DB003482A3 /* TunnelDetailTableViewController.swift */ = {isa = PBXFileReference; fileEncoding = 4; lastKnownFileType = sourcecode.swift; path = TunnelDetailTableViewController.swift; sourceTree = "<group>"; };
		6F689999218043390012E523 /* WireGuard-Bridging-Header.h */ = {isa = PBXFileReference; lastKnownFileType = sourcecode.c.h; path = "WireGuard-Bridging-Header.h"; sourceTree = "<group>"; };
		6F6899A42180447E0012E523 /* x25519.h */ = {isa = PBXFileReference; fileEncoding = 4; lastKnownFileType = sourcecode.c.h; path = x25519.h; sourceTree = "<group>"; };
		6F6899A52180447E0012E523 /* x25519.c */ = {isa = PBXFileReference; fileEncoding = 4; lastKnownFileType = sourcecode.c.c; path = x25519.c; sourceTree = "<group>"; };
		6F6899A7218044FC0012E523 /* Curve25519.swift */ = {isa = PBXFileReference; lastKnownFileType = sourcecode.swift; path = Curve25519.swift; sourceTree = "<group>"; };
		6F6899AB218099F00012E523 /* WgQuickConfigFileParser.swift */ = {isa = PBXFileReference; lastKnownFileType = sourcecode.swift; path = WgQuickConfigFileParser.swift; sourceTree = "<group>"; };
		6F6899AF2181B07A0012E523 /* FilePicker.swift */ = {isa = PBXFileReference; lastKnownFileType = sourcecode.swift; path = FilePicker.swift; sourceTree = "<group>"; };
		6F693A552179E556008551C1 /* Endpoint.swift */ = {isa = PBXFileReference; lastKnownFileType = sourcecode.swift; path = Endpoint.swift; sourceTree = "<group>"; };
		6F7774DF217181B1006A79B3 /* MainViewController.swift */ = {isa = PBXFileReference; fileEncoding = 4; lastKnownFileType = sourcecode.swift; path = MainViewController.swift; sourceTree = "<group>"; };
		6F7774E0217181B1006A79B3 /* AppDelegate.swift */ = {isa = PBXFileReference; fileEncoding = 4; lastKnownFileType = sourcecode.swift; path = AppDelegate.swift; sourceTree = "<group>"; };
		6F7774E321718281006A79B3 /* TunnelsListTableViewController.swift */ = {isa = PBXFileReference; fileEncoding = 4; lastKnownFileType = sourcecode.swift; path = TunnelsListTableViewController.swift; sourceTree = "<group>"; };
		6F7774E72172020C006A79B3 /* Configuration.swift */ = {isa = PBXFileReference; lastKnownFileType = sourcecode.swift; path = Configuration.swift; sourceTree = "<group>"; };
		6F7774E9217229DB006A79B3 /* IPAddressRange.swift */ = {isa = PBXFileReference; lastKnownFileType = sourcecode.swift; path = IPAddressRange.swift; sourceTree = "<group>"; };
		6F7774EE21722D97006A79B3 /* TunnelsManager.swift */ = {isa = PBXFileReference; lastKnownFileType = sourcecode.swift; path = TunnelsManager.swift; sourceTree = "<group>"; };
		6F7774F221774263006A79B3 /* TunnelEditTableViewController.swift */ = {isa = PBXFileReference; lastKnownFileType = sourcecode.swift; path = TunnelEditTableViewController.swift; sourceTree = "<group>"; };
		6FF4AC14211EC46F002C96EB /* WireGuard.app */ = {isa = PBXFileReference; explicitFileType = wrapper.application; includeInIndex = 0; path = WireGuard.app; sourceTree = BUILT_PRODUCTS_DIR; };
		6FF4AC1E211EC472002C96EB /* Assets.xcassets */ = {isa = PBXFileReference; lastKnownFileType = folder.assetcatalog; path = Assets.xcassets; sourceTree = "<group>"; };
		6FF4AC21211EC472002C96EB /* Base */ = {isa = PBXFileReference; lastKnownFileType = file.storyboard; name = Base; path = Base.lproj/LaunchScreen.storyboard; sourceTree = "<group>"; };
		6FF4AC23211EC472002C96EB /* Info.plist */ = {isa = PBXFileReference; lastKnownFileType = text.plist.xml; path = Info.plist; sourceTree = "<group>"; };
		6FF4AC2B211EC776002C96EB /* Developer.xcconfig */ = {isa = PBXFileReference; lastKnownFileType = text.xcconfig; name = Developer.xcconfig; path = Config/Developer.xcconfig; sourceTree = "<group>"; };
		6FF4AC462120B9E0002C96EB /* NetworkExtension.framework */ = {isa = PBXFileReference; lastKnownFileType = wrapper.framework; name = NetworkExtension.framework; path = System/Library/Frameworks/NetworkExtension.framework; sourceTree = SDKROOT; };
		6FF4AC482120B9E0002C96EB /* WireGuard.entitlements */ = {isa = PBXFileReference; lastKnownFileType = text.plist.entitlements; path = WireGuard.entitlements; sourceTree = "<group>"; };
/* End PBXFileReference section */

/* Begin PBXFrameworksBuildPhase section */
		6F5D0C17218352EF000F85AD /* Frameworks */ = {
			isa = PBXFrameworksBuildPhase;
			buildActionMask = 2147483647;
			files = (
			);
			runOnlyForDeploymentPostprocessing = 0;
		};
		6FF4AC11211EC46F002C96EB /* Frameworks */ = {
			isa = PBXFrameworksBuildPhase;
			buildActionMask = 2147483647;
			files = (
				6FF4AC472120B9E0002C96EB /* NetworkExtension.framework in Frameworks */,
			);
			runOnlyForDeploymentPostprocessing = 0;
		};
/* End PBXFrameworksBuildPhase section */

/* Begin PBXGroup section */
		6F5D0C1B218352EF000F85AD /* WireGuardNetworkExtension */ = {
			isa = PBXGroup;
			children = (
				6F5D0C1C218352EF000F85AD /* PacketTunnelProvider.swift */,
				6F5D0C1E218352EF000F85AD /* Info.plist */,
				6F5D0C1F218352EF000F85AD /* WireGuardNetworkExtension.entitlements */,
				6F5D0C3421839E37000F85AD /* WireGuardNetworkExtension-Bridging-Header.h */,
			);
			path = WireGuardNetworkExtension;
			sourceTree = "<group>";
		};
		6F6899A32180445A0012E523 /* Crypto */ = {
			isa = PBXGroup;
			children = (
				6F6899A52180447E0012E523 /* x25519.c */,
				6F6899A42180447E0012E523 /* x25519.h */,
				6F6899A7218044FC0012E523 /* Curve25519.swift */,
			);
			path = Crypto;
			sourceTree = "<group>";
		};
		6F6899AA218099D00012E523 /* Parsing */ = {
			isa = PBXGroup;
			children = (
				6F6899AB218099F00012E523 /* WgQuickConfigFileParser.swift */,
			);
			path = Parsing;
			sourceTree = "<group>";
		};
		6F7774DD217181B1006A79B3 /* UI */ = {
			isa = PBXGroup;
			children = (
				6F7774DE217181B1006A79B3 /* iOS */,
				6F628C3C217F09E9003482A3 /* TunnelViewModel.swift */,
			);
			path = UI;
			sourceTree = "<group>";
		};
		6F7774DE217181B1006A79B3 /* iOS */ = {
			isa = PBXGroup;
			children = (
				6F7774E0217181B1006A79B3 /* AppDelegate.swift */,
				6F7774DF217181B1006A79B3 /* MainViewController.swift */,
				6F7774E321718281006A79B3 /* TunnelsListTableViewController.swift */,
				6F7774F221774263006A79B3 /* TunnelEditTableViewController.swift */,
				6F628C40217F47DB003482A3 /* TunnelDetailTableViewController.swift */,
				6F6899AF2181B07A0012E523 /* FilePicker.swift */,
			);
			path = iOS;
			sourceTree = "<group>";
		};
		6F7774E6217201E0006A79B3 /* Model */ = {
			isa = PBXGroup;
			children = (
				6F7774E72172020C006A79B3 /* Configuration.swift */,
				6F7774E9217229DB006A79B3 /* IPAddressRange.swift */,
				6F693A552179E556008551C1 /* Endpoint.swift */,
				6F628C3E217F3413003482A3 /* DNSServer.swift */,
			);
			path = Model;
			sourceTree = "<group>";
		};
		6F7774ED21722D0C006A79B3 /* VPN */ = {
			isa = PBXGroup;
			children = (
				6F7774EE21722D97006A79B3 /* TunnelsManager.swift */,
				6F5D0C1421832391000F85AD /* DNSResolver.swift */,
			);
			path = VPN;
			sourceTree = "<group>";
		};
		6FF4AC0B211EC46F002C96EB = {
			isa = PBXGroup;
			children = (
				6FF4AC16211EC46F002C96EB /* WireGuard */,
				6F5D0C1B218352EF000F85AD /* WireGuardNetworkExtension */,
				6FF4AC15211EC46F002C96EB /* Products */,
				6FF4AC452120B9E0002C96EB /* Frameworks */,
			);
			sourceTree = "<group>";
		};
		6FF4AC15211EC46F002C96EB /* Products */ = {
			isa = PBXGroup;
			children = (
				6FF4AC14211EC46F002C96EB /* WireGuard.app */,
				6F5D0C1A218352EF000F85AD /* WireGuardNetworkExtension.appex */,
			);
			name = Products;
			sourceTree = "<group>";
		};
		6FF4AC16211EC46F002C96EB /* WireGuard */ = {
			isa = PBXGroup;
			children = (
				6F6899A32180445A0012E523 /* Crypto */,
				6F6899AA218099D00012E523 /* Parsing */,
				6F7774E6217201E0006A79B3 /* Model */,
				6F7774DD217181B1006A79B3 /* UI */,
				6F7774ED21722D0C006A79B3 /* VPN */,
				6FF4AC482120B9E0002C96EB /* WireGuard.entitlements */,
				6FF4AC1E211EC472002C96EB /* Assets.xcassets */,
				6FF4AC20211EC472002C96EB /* LaunchScreen.storyboard */,
				6FF4AC23211EC472002C96EB /* Info.plist */,
				6FF4AC2B211EC776002C96EB /* Developer.xcconfig */,
				6F689999218043390012E523 /* WireGuard-Bridging-Header.h */,
			);
			path = WireGuard;
			sourceTree = "<group>";
		};
		6FF4AC452120B9E0002C96EB /* Frameworks */ = {
			isa = PBXGroup;
			children = (
				6FF4AC462120B9E0002C96EB /* NetworkExtension.framework */,
			);
			name = Frameworks;
			sourceTree = "<group>";
		};
/* End PBXGroup section */

/* Begin PBXNativeTarget section */
		6F5D0C19218352EF000F85AD /* WireGuardNetworkExtension */ = {
			isa = PBXNativeTarget;
			buildConfigurationList = 6F5D0C25218352EF000F85AD /* Build configuration list for PBXNativeTarget "WireGuardNetworkExtension" */;
			buildPhases = (
				6F5D0C16218352EF000F85AD /* Sources */,
				6F5D0C17218352EF000F85AD /* Frameworks */,
				6F5D0C18218352EF000F85AD /* Resources */,
			);
			buildRules = (
			);
			dependencies = (
			);
			name = WireGuardNetworkExtension;
			productName = WireGuardNetworkExtension;
			productReference = 6F5D0C1A218352EF000F85AD /* WireGuardNetworkExtension.appex */;
			productType = "com.apple.product-type.app-extension";
		};
		6FF4AC13211EC46F002C96EB /* WireGuard */ = {
			isa = PBXNativeTarget;
			buildConfigurationList = 6FF4AC26211EC472002C96EB /* Build configuration list for PBXNativeTarget "WireGuard" */;
			buildPhases = (
				6FF4AC10211EC46F002C96EB /* Sources */,
				6FF4AC11211EC46F002C96EB /* Frameworks */,
				6FF4AC12211EC46F002C96EB /* Resources */,
				6F5D0C26218352EF000F85AD /* Embed App Extensions */,
			);
			buildRules = (
			);
			dependencies = (
				6F5D0C21218352EF000F85AD /* PBXTargetDependency */,
			);
			name = WireGuard;
			productName = WireGuard;
			productReference = 6FF4AC14211EC46F002C96EB /* WireGuard.app */;
			productType = "com.apple.product-type.application";
		};
/* End PBXNativeTarget section */

/* Begin PBXProject section */
		6FF4AC0C211EC46F002C96EB /* Project object */ = {
			isa = PBXProject;
			attributes = {
				LastSwiftUpdateCheck = 1000;
				LastUpgradeCheck = 0940;
				ORGANIZATIONNAME = "Roopesh Chander";
				TargetAttributes = {
					6F5D0C19218352EF000F85AD = {
						CreatedOnToolsVersion = 10.0;
						LastSwiftMigration = 1000;
					};
					6FF4AC13211EC46F002C96EB = {
						CreatedOnToolsVersion = 9.4.1;
						LastSwiftMigration = 1000;
						SystemCapabilities = {
							com.apple.NetworkExtensions.iOS = {
								enabled = 1;
							};
						};
					};
				};
			};
			buildConfigurationList = 6FF4AC0F211EC46F002C96EB /* Build configuration list for PBXProject "WireGuard" */;
			compatibilityVersion = "Xcode 9.3";
			developmentRegion = en;
			hasScannedForEncodings = 0;
			knownRegions = (
				en,
				Base,
			);
			mainGroup = 6FF4AC0B211EC46F002C96EB;
			productRefGroup = 6FF4AC15211EC46F002C96EB /* Products */;
			projectDirPath = "";
			projectRoot = "";
			targets = (
				6FF4AC13211EC46F002C96EB /* WireGuard */,
				6F5D0C19218352EF000F85AD /* WireGuardNetworkExtension */,
			);
		};
/* End PBXProject section */

/* Begin PBXResourcesBuildPhase section */
		6F5D0C18218352EF000F85AD /* Resources */ = {
			isa = PBXResourcesBuildPhase;
			buildActionMask = 2147483647;
			files = (
			);
			runOnlyForDeploymentPostprocessing = 0;
		};
		6FF4AC12211EC46F002C96EB /* Resources */ = {
			isa = PBXResourcesBuildPhase;
			buildActionMask = 2147483647;
			files = (
				6FF4AC22211EC472002C96EB /* LaunchScreen.storyboard in Resources */,
				6FF4AC1F211EC472002C96EB /* Assets.xcassets in Resources */,
			);
			runOnlyForDeploymentPostprocessing = 0;
		};
/* End PBXResourcesBuildPhase section */

/* Begin PBXSourcesBuildPhase section */
		6F5D0C16218352EF000F85AD /* Sources */ = {
			isa = PBXSourcesBuildPhase;
			buildActionMask = 2147483647;
			files = (
				6F5D0C1D218352EF000F85AD /* PacketTunnelProvider.swift in Sources */,
			);
			runOnlyForDeploymentPostprocessing = 0;
		};
		6FF4AC10211EC46F002C96EB /* Sources */ = {
			isa = PBXSourcesBuildPhase;
			buildActionMask = 2147483647;
			files = (
				6F6899AC218099F00012E523 /* WgQuickConfigFileParser.swift in Sources */,
				6F7774E421718281006A79B3 /* TunnelsListTableViewController.swift in Sources */,
				6F7774EF21722D97006A79B3 /* TunnelsManager.swift in Sources */,
				6F5D0C1521832391000F85AD /* DNSResolver.swift in Sources */,
				6F693A562179E556008551C1 /* Endpoint.swift in Sources */,
				6F6899A62180447E0012E523 /* x25519.c in Sources */,
				6F7774E2217181B1006A79B3 /* AppDelegate.swift in Sources */,
				6F628C3F217F3413003482A3 /* DNSServer.swift in Sources */,
				6F628C3D217F09E9003482A3 /* TunnelViewModel.swift in Sources */,
				6F7774EA217229DB006A79B3 /* IPAddressRange.swift in Sources */,
				6F7774E82172020C006A79B3 /* Configuration.swift in Sources */,
				6F6899A8218044FC0012E523 /* Curve25519.swift in Sources */,
				6F628C41217F47DB003482A3 /* TunnelDetailTableViewController.swift in Sources */,
				6F6899B02181B07B0012E523 /* FilePicker.swift in Sources */,
				6F7774F321774263006A79B3 /* TunnelEditTableViewController.swift in Sources */,
				6F7774E1217181B1006A79B3 /* MainViewController.swift in Sources */,
			);
			runOnlyForDeploymentPostprocessing = 0;
		};
/* End PBXSourcesBuildPhase section */

/* Begin PBXTargetDependency section */
		6F5D0C21218352EF000F85AD /* PBXTargetDependency */ = {
			isa = PBXTargetDependency;
			target = 6F5D0C19218352EF000F85AD /* WireGuardNetworkExtension */;
			targetProxy = 6F5D0C20218352EF000F85AD /* PBXContainerItemProxy */;
		};
/* End PBXTargetDependency section */

/* Begin PBXVariantGroup section */
		6FF4AC20211EC472002C96EB /* LaunchScreen.storyboard */ = {
			isa = PBXVariantGroup;
			children = (
				6FF4AC21211EC472002C96EB /* Base */,
			);
			name = LaunchScreen.storyboard;
			sourceTree = "<group>";
		};
/* End PBXVariantGroup section */

/* Begin XCBuildConfiguration section */
		6F5D0C23218352EF000F85AD /* Debug */ = {
			isa = XCBuildConfiguration;
			buildSettings = {
				CLANG_ENABLE_MODULES = YES;
				CODE_SIGN_ENTITLEMENTS = WireGuardNetworkExtension/WireGuardNetworkExtension.entitlements;
				CODE_SIGN_STYLE = Automatic;
				INFOPLIST_FILE = WireGuardNetworkExtension/Info.plist;
				IPHONEOS_DEPLOYMENT_TARGET = 12.0;
				LD_RUNPATH_SEARCH_PATHS = (
					"$(inherited)",
					"@executable_path/Frameworks",
					"@executable_path/../../Frameworks",
				);
				MTL_ENABLE_DEBUG_INFO = INCLUDE_SOURCE;
				MTL_FAST_MATH = YES;
				PRODUCT_BUNDLE_IDENTIFIER = "$(APP_ID).WireGuardNetworkExtension";
				PRODUCT_NAME = "$(TARGET_NAME)";
				SKIP_INSTALL = YES;
				SWIFT_OBJC_BRIDGING_HEADER = "WireGuardNetworkExtension/WireGuardNetworkExtension-Bridging-Header.h";
				SWIFT_OPTIMIZATION_LEVEL = "-Onone";
				SWIFT_VERSION = 4.2;
				TARGETED_DEVICE_FAMILY = "1,2";
			};
			name = Debug;
		};
		6F5D0C24218352EF000F85AD /* Release */ = {
			isa = XCBuildConfiguration;
			buildSettings = {
				CLANG_ENABLE_MODULES = YES;
				CODE_SIGN_ENTITLEMENTS = WireGuardNetworkExtension/WireGuardNetworkExtension.entitlements;
				CODE_SIGN_STYLE = Automatic;
				INFOPLIST_FILE = WireGuardNetworkExtension/Info.plist;
				IPHONEOS_DEPLOYMENT_TARGET = 12.0;
				LD_RUNPATH_SEARCH_PATHS = (
					"$(inherited)",
					"@executable_path/Frameworks",
					"@executable_path/../../Frameworks",
				);
				MTL_FAST_MATH = YES;
				PRODUCT_BUNDLE_IDENTIFIER = "$(APP_ID).WireGuardNetworkExtension";
				PRODUCT_NAME = "$(TARGET_NAME)";
				SKIP_INSTALL = YES;
				SWIFT_OBJC_BRIDGING_HEADER = "WireGuardNetworkExtension/WireGuardNetworkExtension-Bridging-Header.h";
				SWIFT_VERSION = 4.2;
				TARGETED_DEVICE_FAMILY = "1,2";
			};
			name = Release;
		};
		6FF4AC24211EC472002C96EB /* Debug */ = {
			isa = XCBuildConfiguration;
			baseConfigurationReference = 6FF4AC2B211EC776002C96EB /* Developer.xcconfig */;
			buildSettings = {
				ALWAYS_SEARCH_USER_PATHS = NO;
				CLANG_ANALYZER_NONNULL = YES;
				CLANG_ANALYZER_NUMBER_OBJECT_CONVERSION = YES_AGGRESSIVE;
				CLANG_CXX_LANGUAGE_STANDARD = "gnu++14";
				CLANG_CXX_LIBRARY = "libc++";
				CLANG_ENABLE_MODULES = YES;
				CLANG_ENABLE_OBJC_ARC = YES;
				CLANG_ENABLE_OBJC_WEAK = YES;
				CLANG_WARN_BLOCK_CAPTURE_AUTORELEASING = YES;
				CLANG_WARN_BOOL_CONVERSION = YES;
				CLANG_WARN_COMMA = YES;
				CLANG_WARN_CONSTANT_CONVERSION = YES;
				CLANG_WARN_DEPRECATED_OBJC_IMPLEMENTATIONS = YES;
				CLANG_WARN_DIRECT_OBJC_ISA_USAGE = YES_ERROR;
				CLANG_WARN_DOCUMENTATION_COMMENTS = YES;
				CLANG_WARN_EMPTY_BODY = YES;
				CLANG_WARN_ENUM_CONVERSION = YES;
				CLANG_WARN_INFINITE_RECURSION = YES;
				CLANG_WARN_INT_CONVERSION = YES;
				CLANG_WARN_NON_LITERAL_NULL_CONVERSION = YES;
				CLANG_WARN_OBJC_IMPLICIT_RETAIN_SELF = YES;
				CLANG_WARN_OBJC_LITERAL_CONVERSION = YES;
				CLANG_WARN_OBJC_ROOT_CLASS = YES_ERROR;
				CLANG_WARN_RANGE_LOOP_ANALYSIS = YES;
				CLANG_WARN_STRICT_PROTOTYPES = YES;
				CLANG_WARN_SUSPICIOUS_MOVE = YES;
				CLANG_WARN_UNGUARDED_AVAILABILITY = YES_AGGRESSIVE;
				CLANG_WARN_UNREACHABLE_CODE = YES;
				CLANG_WARN__DUPLICATE_METHOD_MATCH = YES;
				CODE_SIGN_IDENTITY = "iPhone Developer";
				COPY_PHASE_STRIP = NO;
				DEBUG_INFORMATION_FORMAT = dwarf;
				ENABLE_STRICT_OBJC_MSGSEND = YES;
				ENABLE_TESTABILITY = YES;
				GCC_C_LANGUAGE_STANDARD = gnu11;
				GCC_DYNAMIC_NO_PIC = NO;
				GCC_NO_COMMON_BLOCKS = YES;
				GCC_OPTIMIZATION_LEVEL = 0;
				GCC_PREPROCESSOR_DEFINITIONS = (
					"DEBUG=1",
					"$(inherited)",
				);
				GCC_WARN_64_TO_32_BIT_CONVERSION = YES;
				GCC_WARN_ABOUT_RETURN_TYPE = YES_ERROR;
				GCC_WARN_UNDECLARED_SELECTOR = YES;
				GCC_WARN_UNINITIALIZED_AUTOS = YES_AGGRESSIVE;
				GCC_WARN_UNUSED_FUNCTION = YES;
				GCC_WARN_UNUSED_VARIABLE = YES;
				IPHONEOS_DEPLOYMENT_TARGET = 11.4;
				MTL_ENABLE_DEBUG_INFO = YES;
				ONLY_ACTIVE_ARCH = YES;
				SDKROOT = iphoneos;
				SWIFT_ACTIVE_COMPILATION_CONDITIONS = DEBUG;
				SWIFT_OPTIMIZATION_LEVEL = "-Onone";
			};
			name = Debug;
		};
		6FF4AC25211EC472002C96EB /* Release */ = {
			isa = XCBuildConfiguration;
			baseConfigurationReference = 6FF4AC2B211EC776002C96EB /* Developer.xcconfig */;
			buildSettings = {
				ALWAYS_SEARCH_USER_PATHS = NO;
				CLANG_ANALYZER_NONNULL = YES;
				CLANG_ANALYZER_NUMBER_OBJECT_CONVERSION = YES_AGGRESSIVE;
				CLANG_CXX_LANGUAGE_STANDARD = "gnu++14";
				CLANG_CXX_LIBRARY = "libc++";
				CLANG_ENABLE_MODULES = YES;
				CLANG_ENABLE_OBJC_ARC = YES;
				CLANG_ENABLE_OBJC_WEAK = YES;
				CLANG_WARN_BLOCK_CAPTURE_AUTORELEASING = YES;
				CLANG_WARN_BOOL_CONVERSION = YES;
				CLANG_WARN_COMMA = YES;
				CLANG_WARN_CONSTANT_CONVERSION = YES;
				CLANG_WARN_DEPRECATED_OBJC_IMPLEMENTATIONS = YES;
				CLANG_WARN_DIRECT_OBJC_ISA_USAGE = YES_ERROR;
				CLANG_WARN_DOCUMENTATION_COMMENTS = YES;
				CLANG_WARN_EMPTY_BODY = YES;
				CLANG_WARN_ENUM_CONVERSION = YES;
				CLANG_WARN_INFINITE_RECURSION = YES;
				CLANG_WARN_INT_CONVERSION = YES;
				CLANG_WARN_NON_LITERAL_NULL_CONVERSION = YES;
				CLANG_WARN_OBJC_IMPLICIT_RETAIN_SELF = YES;
				CLANG_WARN_OBJC_LITERAL_CONVERSION = YES;
				CLANG_WARN_OBJC_ROOT_CLASS = YES_ERROR;
				CLANG_WARN_RANGE_LOOP_ANALYSIS = YES;
				CLANG_WARN_STRICT_PROTOTYPES = YES;
				CLANG_WARN_SUSPICIOUS_MOVE = YES;
				CLANG_WARN_UNGUARDED_AVAILABILITY = YES_AGGRESSIVE;
				CLANG_WARN_UNREACHABLE_CODE = YES;
				CLANG_WARN__DUPLICATE_METHOD_MATCH = YES;
				CODE_SIGN_IDENTITY = "iPhone Developer";
				COPY_PHASE_STRIP = NO;
				DEBUG_INFORMATION_FORMAT = "dwarf-with-dsym";
				ENABLE_NS_ASSERTIONS = NO;
				ENABLE_STRICT_OBJC_MSGSEND = YES;
				GCC_C_LANGUAGE_STANDARD = gnu11;
				GCC_NO_COMMON_BLOCKS = YES;
				GCC_WARN_64_TO_32_BIT_CONVERSION = YES;
				GCC_WARN_ABOUT_RETURN_TYPE = YES_ERROR;
				GCC_WARN_UNDECLARED_SELECTOR = YES;
				GCC_WARN_UNINITIALIZED_AUTOS = YES_AGGRESSIVE;
				GCC_WARN_UNUSED_FUNCTION = YES;
				GCC_WARN_UNUSED_VARIABLE = YES;
				IPHONEOS_DEPLOYMENT_TARGET = 11.4;
				MTL_ENABLE_DEBUG_INFO = NO;
				SDKROOT = iphoneos;
				SWIFT_COMPILATION_MODE = wholemodule;
				SWIFT_OPTIMIZATION_LEVEL = "-O";
				VALIDATE_PRODUCT = YES;
			};
			name = Release;
		};
		6FF4AC27211EC472002C96EB /* Debug */ = {
			isa = XCBuildConfiguration;
			buildSettings = {
				ALWAYS_EMBED_SWIFT_STANDARD_LIBRARIES = YES;
				ASSETCATALOG_COMPILER_APPICON_NAME = AppIcon;
				CLANG_ENABLE_MODULES = YES;
				CODE_SIGN_ENTITLEMENTS = WireGuard/WireGuard.entitlements;
				CODE_SIGN_STYLE = Automatic;
				INFOPLIST_FILE = WireGuard/Info.plist;
				IPHONEOS_DEPLOYMENT_TARGET = 12.0;
				LD_RUNPATH_SEARCH_PATHS = (
					"$(inherited)",
					"@executable_path/Frameworks",
				);
				PRODUCT_BUNDLE_IDENTIFIER = "$(APP_ID)";
				PRODUCT_NAME = "$(TARGET_NAME)";
				SWIFT_OBJC_BRIDGING_HEADER = "WireGuard/WireGuard-Bridging-Header.h";
				SWIFT_OPTIMIZATION_LEVEL = "-Onone";
				SWIFT_VERSION = 4.0;
				TARGETED_DEVICE_FAMILY = "1,2";
			};
			name = Debug;
		};
		6FF4AC28211EC472002C96EB /* Release */ = {
			isa = XCBuildConfiguration;
			buildSettings = {
				ALWAYS_EMBED_SWIFT_STANDARD_LIBRARIES = YES;
				ASSETCATALOG_COMPILER_APPICON_NAME = AppIcon;
				CLANG_ENABLE_MODULES = YES;
				CODE_SIGN_ENTITLEMENTS = WireGuard/WireGuard.entitlements;
				CODE_SIGN_STYLE = Automatic;
				INFOPLIST_FILE = WireGuard/Info.plist;
				IPHONEOS_DEPLOYMENT_TARGET = 12.0;
				LD_RUNPATH_SEARCH_PATHS = (
					"$(inherited)",
					"@executable_path/Frameworks",
				);
				PRODUCT_BUNDLE_IDENTIFIER = "$(APP_ID)";
				PRODUCT_NAME = "$(TARGET_NAME)";
				SWIFT_OBJC_BRIDGING_HEADER = "WireGuard/WireGuard-Bridging-Header.h";
				SWIFT_VERSION = 4.0;
				TARGETED_DEVICE_FAMILY = "1,2";
			};
			name = Release;
		};
/* End XCBuildConfiguration section */

/* Begin XCConfigurationList section */
		6F5D0C25218352EF000F85AD /* Build configuration list for PBXNativeTarget "WireGuardNetworkExtension" */ = {
			isa = XCConfigurationList;
			buildConfigurations = (
				6F5D0C23218352EF000F85AD /* Debug */,
				6F5D0C24218352EF000F85AD /* Release */,
			);
			defaultConfigurationIsVisible = 0;
			defaultConfigurationName = Release;
		};
		6FF4AC0F211EC46F002C96EB /* Build configuration list for PBXProject "WireGuard" */ = {
			isa = XCConfigurationList;
			buildConfigurations = (
				6FF4AC24211EC472002C96EB /* Debug */,
				6FF4AC25211EC472002C96EB /* Release */,
			);
			defaultConfigurationIsVisible = 0;
			defaultConfigurationName = Release;
		};
		6FF4AC26211EC472002C96EB /* Build configuration list for PBXNativeTarget "WireGuard" */ = {
			isa = XCConfigurationList;
			buildConfigurations = (
				6FF4AC27211EC472002C96EB /* Debug */,
				6FF4AC28211EC472002C96EB /* Release */,
			);
			defaultConfigurationIsVisible = 0;
			defaultConfigurationName = Release;
		};
/* End XCConfigurationList section */
	};
	rootObject = 6FF4AC0C211EC46F002C96EB /* Project object */;
}
