// !$*UTF8*$!
{
	archiveVersion = 1;
	classes = {
	};
	objectVersion = 51;
	objects = {

/* Begin PBXBuildFile section */
		5F45417D21C1B23600994C13 /* UITableViewCell+Reuse.swift in Sources */ = {isa = PBXBuildFile; fileRef = 5F45417C21C1B23600994C13 /* UITableViewCell+Reuse.swift */; };
		5F45418C21C2D48200994C13 /* TunnelEditKeyValueCell.swift in Sources */ = {isa = PBXBuildFile; fileRef = 5F45418B21C2D48200994C13 /* TunnelEditKeyValueCell.swift */; };
		5F45419021C2D53800994C13 /* SwitchCell.swift in Sources */ = {isa = PBXBuildFile; fileRef = 5F45418F21C2D53800994C13 /* SwitchCell.swift */; };
		5F45419221C2D55800994C13 /* CheckmarkCell.swift in Sources */ = {isa = PBXBuildFile; fileRef = 5F45419121C2D55800994C13 /* CheckmarkCell.swift */; };
		5F45419821C2D60500994C13 /* KeyValueCell.swift in Sources */ = {isa = PBXBuildFile; fileRef = 5F45419721C2D60500994C13 /* KeyValueCell.swift */; };
		5F4541A021C2D6B700994C13 /* TunnelListCell.swift in Sources */ = {isa = PBXBuildFile; fileRef = 5F45419F21C2D6B700994C13 /* TunnelListCell.swift */; };
		5F4541A221C2D6DF00994C13 /* BorderedTextButton.swift in Sources */ = {isa = PBXBuildFile; fileRef = 5F4541A121C2D6DF00994C13 /* BorderedTextButton.swift */; };
		5F4541A621C4449E00994C13 /* ButtonCell.swift in Sources */ = {isa = PBXBuildFile; fileRef = 5F4541A521C4449E00994C13 /* ButtonCell.swift */; };
		5F4541A921C451D100994C13 /* TunnelStatus.swift in Sources */ = {isa = PBXBuildFile; fileRef = 5F4541A821C451D100994C13 /* TunnelStatus.swift */; };
		5F4541B221CBFAEE00994C13 /* String+ArrayConversion.swift in Sources */ = {isa = PBXBuildFile; fileRef = 5F4541B121CBFAEE00994C13 /* String+ArrayConversion.swift */; };
		5F9696AA21CD6AE6008063FE /* LegacyConfigMigration.swift in Sources */ = {isa = PBXBuildFile; fileRef = 5F9696A921CD6AE6008063FE /* LegacyConfigMigration.swift */; };
		5F9696AB21CD6AE6008063FE /* LegacyConfigMigration.swift in Sources */ = {isa = PBXBuildFile; fileRef = 5F9696A921CD6AE6008063FE /* LegacyConfigMigration.swift */; };
		5F9696AE21CD6F72008063FE /* String+ArrayConversion.swift in Sources */ = {isa = PBXBuildFile; fileRef = 5F4541B121CBFAEE00994C13 /* String+ArrayConversion.swift */; };
		5F9696B021CD7128008063FE /* TunnelConfiguration+WgQuickConfig.swift in Sources */ = {isa = PBXBuildFile; fileRef = 5F9696AF21CD7128008063FE /* TunnelConfiguration+WgQuickConfig.swift */; };
		5F9696B121CD7128008063FE /* TunnelConfiguration+WgQuickConfig.swift in Sources */ = {isa = PBXBuildFile; fileRef = 5F9696AF21CD7128008063FE /* TunnelConfiguration+WgQuickConfig.swift */; };
		5FF7B96221CC95DE00A7DD74 /* InterfaceConfiguration.swift in Sources */ = {isa = PBXBuildFile; fileRef = 5FF7B96121CC95DE00A7DD74 /* InterfaceConfiguration.swift */; };
		5FF7B96321CC95DE00A7DD74 /* InterfaceConfiguration.swift in Sources */ = {isa = PBXBuildFile; fileRef = 5FF7B96121CC95DE00A7DD74 /* InterfaceConfiguration.swift */; };
		5FF7B96521CC95FA00A7DD74 /* PeerConfiguration.swift in Sources */ = {isa = PBXBuildFile; fileRef = 5FF7B96421CC95FA00A7DD74 /* PeerConfiguration.swift */; };
		5FF7B96621CC95FA00A7DD74 /* PeerConfiguration.swift in Sources */ = {isa = PBXBuildFile; fileRef = 5FF7B96421CC95FA00A7DD74 /* PeerConfiguration.swift */; };
		6F5A2B4621AFDED40081EDD8 /* FileManager+Extension.swift in Sources */ = {isa = PBXBuildFile; fileRef = 6F5A2B4421AFDE020081EDD8 /* FileManager+Extension.swift */; };
		6F5A2B4821AFF49A0081EDD8 /* FileManager+Extension.swift in Sources */ = {isa = PBXBuildFile; fileRef = 6F5A2B4421AFDE020081EDD8 /* FileManager+Extension.swift */; };
		6F5D0C1D218352EF000F85AD /* PacketTunnelProvider.swift in Sources */ = {isa = PBXBuildFile; fileRef = 6F5D0C1C218352EF000F85AD /* PacketTunnelProvider.swift */; };
		6F5D0C22218352EF000F85AD /* WireGuardNetworkExtensioniOS.appex in Embed App Extensions */ = {isa = PBXBuildFile; fileRef = 6F5D0C1A218352EF000F85AD /* WireGuardNetworkExtensioniOS.appex */; settings = {ATTRIBUTES = (RemoveHeadersOnCopy, ); }; };
		6F61F1E921B932F700483816 /* WireGuardAppError.swift in Sources */ = {isa = PBXBuildFile; fileRef = 6F61F1E821B932F700483816 /* WireGuardAppError.swift */; };
		6F61F1EB21B937EF00483816 /* WireGuardResult.swift in Sources */ = {isa = PBXBuildFile; fileRef = 6F61F1EA21B937EF00483816 /* WireGuardResult.swift */; };
		6F628C3D217F09E9003482A3 /* TunnelViewModel.swift in Sources */ = {isa = PBXBuildFile; fileRef = 6F628C3C217F09E9003482A3 /* TunnelViewModel.swift */; };
		6F628C3F217F3413003482A3 /* DNSServer.swift in Sources */ = {isa = PBXBuildFile; fileRef = 6F628C3E217F3413003482A3 /* DNSServer.swift */; };
		6F628C41217F47DB003482A3 /* TunnelDetailTableViewController.swift in Sources */ = {isa = PBXBuildFile; fileRef = 6F628C40217F47DB003482A3 /* TunnelDetailTableViewController.swift */; };
		6F6899A62180447E0012E523 /* x25519.c in Sources */ = {isa = PBXBuildFile; fileRef = 6F6899A52180447E0012E523 /* x25519.c */; };
		6F6899A8218044FC0012E523 /* Curve25519.swift in Sources */ = {isa = PBXBuildFile; fileRef = 6F6899A7218044FC0012E523 /* Curve25519.swift */; };
		6F693A562179E556008551C1 /* Endpoint.swift in Sources */ = {isa = PBXBuildFile; fileRef = 6F693A552179E556008551C1 /* Endpoint.swift */; };
		6F7774E1217181B1006A79B3 /* MainViewController.swift in Sources */ = {isa = PBXBuildFile; fileRef = 6F7774DF217181B1006A79B3 /* MainViewController.swift */; };
		6F7774E2217181B1006A79B3 /* AppDelegate.swift in Sources */ = {isa = PBXBuildFile; fileRef = 6F7774E0217181B1006A79B3 /* AppDelegate.swift */; };
		6F7774E421718281006A79B3 /* TunnelsListTableViewController.swift in Sources */ = {isa = PBXBuildFile; fileRef = 6F7774E321718281006A79B3 /* TunnelsListTableViewController.swift */; };
		6F7774E82172020C006A79B3 /* TunnelConfiguration.swift in Sources */ = {isa = PBXBuildFile; fileRef = 6F7774E72172020C006A79B3 /* TunnelConfiguration.swift */; };
		6F7774EA217229DB006A79B3 /* IPAddressRange.swift in Sources */ = {isa = PBXBuildFile; fileRef = 6F7774E9217229DB006A79B3 /* IPAddressRange.swift */; };
		6F7774EF21722D97006A79B3 /* TunnelsManager.swift in Sources */ = {isa = PBXBuildFile; fileRef = 6F7774EE21722D97006A79B3 /* TunnelsManager.swift */; };
		6F7774F321774263006A79B3 /* TunnelEditTableViewController.swift in Sources */ = {isa = PBXBuildFile; fileRef = 6F7774F221774263006A79B3 /* TunnelEditTableViewController.swift */; };
		6F7F7E5F21C7D74B00527607 /* TunnelErrors.swift in Sources */ = {isa = PBXBuildFile; fileRef = 6F7F7E5E21C7D74B00527607 /* TunnelErrors.swift */; };
		6F919EC3218A2AE90023B400 /* ErrorPresenter.swift in Sources */ = {isa = PBXBuildFile; fileRef = 6F919EC2218A2AE90023B400 /* ErrorPresenter.swift */; };
		6F919ED9218C65C50023B400 /* wireguard_doc_logo_22x29.png in Resources */ = {isa = PBXBuildFile; fileRef = 6F919ED5218C65C50023B400 /* wireguard_doc_logo_22x29.png */; };
		6F919EDA218C65C50023B400 /* wireguard_doc_logo_44x58.png in Resources */ = {isa = PBXBuildFile; fileRef = 6F919ED6218C65C50023B400 /* wireguard_doc_logo_44x58.png */; };
		6F919EDB218C65C50023B400 /* wireguard_doc_logo_64x64.png in Resources */ = {isa = PBXBuildFile; fileRef = 6F919ED7218C65C50023B400 /* wireguard_doc_logo_64x64.png */; };
		6F919EDC218C65C50023B400 /* wireguard_doc_logo_320x320.png in Resources */ = {isa = PBXBuildFile; fileRef = 6F919ED8218C65C50023B400 /* wireguard_doc_logo_320x320.png */; };
		6FB1017921C57DE600766195 /* MockTunnels.swift in Sources */ = {isa = PBXBuildFile; fileRef = 6FB1017821C57DE600766195 /* MockTunnels.swift */; };
		6FB1BD6021D2607A00A991BF /* AppDelegate.swift in Sources */ = {isa = PBXBuildFile; fileRef = 6FB1BD5F21D2607A00A991BF /* AppDelegate.swift */; };
		6FB1BD6221D2607E00A991BF /* Assets.xcassets in Resources */ = {isa = PBXBuildFile; fileRef = 6FB1BD6121D2607E00A991BF /* Assets.xcassets */; };
		6FB1BD6521D2607E00A991BF /* MainMenu.xib in Resources */ = {isa = PBXBuildFile; fileRef = 6FB1BD6321D2607E00A991BF /* MainMenu.xib */; };
		6FB1BD9421D4BFE700A991BF /* PacketTunnelProvider.swift in Sources */ = {isa = PBXBuildFile; fileRef = 6FB1BD9321D4BFE700A991BF /* PacketTunnelProvider.swift */; };
		6FB1BD9921D4BFE700A991BF /* WireGuardNetworkExtensionmacOS.appex in Embed App Extensions */ = {isa = PBXBuildFile; fileRef = 6FB1BD9121D4BFE600A991BF /* WireGuardNetworkExtensionmacOS.appex */; settings = {ATTRIBUTES = (RemoveHeadersOnCopy, ); }; };
		6FDEF7E421846C1A00D8FBF6 /* libwg-go.a in Frameworks */ = {isa = PBXBuildFile; fileRef = 6FDEF7E321846C1A00D8FBF6 /* libwg-go.a */; };
		6FDEF7E62185EFB200D8FBF6 /* QRScanViewController.swift in Sources */ = {isa = PBXBuildFile; fileRef = 6FDEF7E52185EFAF00D8FBF6 /* QRScanViewController.swift */; };
		6FDEF7FB21863B6100D8FBF6 /* unzip.c in Sources */ = {isa = PBXBuildFile; fileRef = 6FDEF7F621863B6100D8FBF6 /* unzip.c */; };
		6FDEF7FC21863B6100D8FBF6 /* zip.c in Sources */ = {isa = PBXBuildFile; fileRef = 6FDEF7F721863B6100D8FBF6 /* zip.c */; };
		6FDEF80021863C0100D8FBF6 /* ioapi.c in Sources */ = {isa = PBXBuildFile; fileRef = 6FDEF7FF21863C0100D8FBF6 /* ioapi.c */; };
		6FDEF802218646BA00D8FBF6 /* ZipArchive.swift in Sources */ = {isa = PBXBuildFile; fileRef = 6FDEF801218646B900D8FBF6 /* ZipArchive.swift */; };
		6FDEF806218725D200D8FBF6 /* SettingsTableViewController.swift in Sources */ = {isa = PBXBuildFile; fileRef = 6FDEF805218725D200D8FBF6 /* SettingsTableViewController.swift */; };
		6FE1765621C90BBE002690EA /* Localizable.strings in Resources */ = {isa = PBXBuildFile; fileRef = 6FE1765421C90BBE002690EA /* Localizable.strings */; };
		6FE1765A21C90E87002690EA /* LocalizationHelper.swift in Sources */ = {isa = PBXBuildFile; fileRef = 6FE1765921C90E87002690EA /* LocalizationHelper.swift */; };
		6FE254FB219C10800028284D /* ZipImporter.swift in Sources */ = {isa = PBXBuildFile; fileRef = 6FE254FA219C10800028284D /* ZipImporter.swift */; };
		6FE254FF219C60290028284D /* ZipExporter.swift in Sources */ = {isa = PBXBuildFile; fileRef = 6FE254FE219C60290028284D /* ZipExporter.swift */; };
		6FF3527021C240160008484E /* ringlogger.c in Sources */ = {isa = PBXBuildFile; fileRef = 6FF3526C21C23F960008484E /* ringlogger.c */; };
		6FF3527121C240160008484E /* Logger.swift in Sources */ = {isa = PBXBuildFile; fileRef = 6FF3526E21C23FA10008484E /* Logger.swift */; };
		6FF3527221C2616C0008484E /* ringlogger.c in Sources */ = {isa = PBXBuildFile; fileRef = 6FF3526C21C23F960008484E /* ringlogger.c */; };
		6FF3527321C2616C0008484E /* Logger.swift in Sources */ = {isa = PBXBuildFile; fileRef = 6FF3526E21C23FA10008484E /* Logger.swift */; };
		6FF4AC1F211EC472002C96EB /* Assets.xcassets in Resources */ = {isa = PBXBuildFile; fileRef = 6FF4AC1E211EC472002C96EB /* Assets.xcassets */; };
		6FF4AC22211EC472002C96EB /* LaunchScreen.storyboard in Resources */ = {isa = PBXBuildFile; fileRef = 6FF4AC20211EC472002C96EB /* LaunchScreen.storyboard */; };
		6FFA5D8921942F320001E2F7 /* PacketTunnelSettingsGenerator.swift in Sources */ = {isa = PBXBuildFile; fileRef = 6F5D0C472183C6A3000F85AD /* PacketTunnelSettingsGenerator.swift */; };
		6FFA5D8E2194370D0001E2F7 /* TunnelConfiguration.swift in Sources */ = {isa = PBXBuildFile; fileRef = 6F7774E72172020C006A79B3 /* TunnelConfiguration.swift */; };
		6FFA5D8F2194370D0001E2F7 /* IPAddressRange.swift in Sources */ = {isa = PBXBuildFile; fileRef = 6F7774E9217229DB006A79B3 /* IPAddressRange.swift */; };
		6FFA5D902194370D0001E2F7 /* Endpoint.swift in Sources */ = {isa = PBXBuildFile; fileRef = 6F693A552179E556008551C1 /* Endpoint.swift */; };
		6FFA5D912194370D0001E2F7 /* DNSServer.swift in Sources */ = {isa = PBXBuildFile; fileRef = 6F628C3E217F3413003482A3 /* DNSServer.swift */; };
		6FFA5D9321943BC90001E2F7 /* DNSResolver.swift in Sources */ = {isa = PBXBuildFile; fileRef = 6F5D0C1421832391000F85AD /* DNSResolver.swift */; };
		6FFA5D952194454A0001E2F7 /* NETunnelProviderProtocol+Extension.swift in Sources */ = {isa = PBXBuildFile; fileRef = 6FFA5D942194454A0001E2F7 /* NETunnelProviderProtocol+Extension.swift */; };
		6FFA5D96219446380001E2F7 /* NETunnelProviderProtocol+Extension.swift in Sources */ = {isa = PBXBuildFile; fileRef = 6FFA5D942194454A0001E2F7 /* NETunnelProviderProtocol+Extension.swift */; };
		6FFA5DA021958ECC0001E2F7 /* ErrorNotifier.swift in Sources */ = {isa = PBXBuildFile; fileRef = 6FFA5D9F21958ECC0001E2F7 /* ErrorNotifier.swift */; };
		6FFA5DA42197085D0001E2F7 /* ActivateOnDemandSetting.swift in Sources */ = {isa = PBXBuildFile; fileRef = 6FFA5DA32197085D0001E2F7 /* ActivateOnDemandSetting.swift */; };
/* End PBXBuildFile section */

/* Begin PBXContainerItemProxy section */
		6F5D0C20218352EF000F85AD /* PBXContainerItemProxy */ = {
			isa = PBXContainerItemProxy;
			containerPortal = 6FF4AC0C211EC46F002C96EB /* Project object */;
			proxyType = 1;
			remoteGlobalIDString = 6F5D0C19218352EF000F85AD;
			remoteInfo = WireGuardNetworkExtension;
		};
		6FB1BD9721D4BFE700A991BF /* PBXContainerItemProxy */ = {
			isa = PBXContainerItemProxy;
			containerPortal = 6FF4AC0C211EC46F002C96EB /* Project object */;
			proxyType = 1;
			remoteGlobalIDString = 6FB1BD9021D4BFE600A991BF;
			remoteInfo = WireGuardNetworkExtensionmacOS;
		};
		6FDEF7E121846C0000D8FBF6 /* PBXContainerItemProxy */ = {
			isa = PBXContainerItemProxy;
			containerPortal = 6FF4AC0C211EC46F002C96EB /* Project object */;
			proxyType = 1;
			remoteGlobalIDString = 6FDEF7DD21846BC100D8FBF6;
			remoteInfo = WireGuardGoBridge;
		};
/* End PBXContainerItemProxy section */

/* Begin PBXCopyFilesBuildPhase section */
		6F5D0C26218352EF000F85AD /* Embed App Extensions */ = {
			isa = PBXCopyFilesBuildPhase;
			buildActionMask = 2147483647;
			dstPath = "";
			dstSubfolderSpec = 13;
			files = (
				6F5D0C22218352EF000F85AD /* WireGuardNetworkExtensioniOS.appex in Embed App Extensions */,
			);
			name = "Embed App Extensions";
			runOnlyForDeploymentPostprocessing = 0;
		};
		6FB1BD9D21D4BFE700A991BF /* Embed App Extensions */ = {
			isa = PBXCopyFilesBuildPhase;
			buildActionMask = 2147483647;
			dstPath = "";
			dstSubfolderSpec = 13;
			files = (
				6FB1BD9921D4BFE700A991BF /* WireGuardNetworkExtensionmacOS.appex in Embed App Extensions */,
			);
			name = "Embed App Extensions";
			runOnlyForDeploymentPostprocessing = 0;
		};
/* End PBXCopyFilesBuildPhase section */

/* Begin PBXFileReference section */
		5F45417C21C1B23600994C13 /* UITableViewCell+Reuse.swift */ = {isa = PBXFileReference; lastKnownFileType = sourcecode.swift; path = "UITableViewCell+Reuse.swift"; sourceTree = "<group>"; };
		5F45418B21C2D48200994C13 /* TunnelEditKeyValueCell.swift */ = {isa = PBXFileReference; lastKnownFileType = sourcecode.swift; path = TunnelEditKeyValueCell.swift; sourceTree = "<group>"; };
		5F45418F21C2D53800994C13 /* SwitchCell.swift */ = {isa = PBXFileReference; lastKnownFileType = sourcecode.swift; path = SwitchCell.swift; sourceTree = "<group>"; };
		5F45419121C2D55800994C13 /* CheckmarkCell.swift */ = {isa = PBXFileReference; lastKnownFileType = sourcecode.swift; path = CheckmarkCell.swift; sourceTree = "<group>"; };
		5F45419721C2D60500994C13 /* KeyValueCell.swift */ = {isa = PBXFileReference; lastKnownFileType = sourcecode.swift; path = KeyValueCell.swift; sourceTree = "<group>"; };
		5F45419F21C2D6B700994C13 /* TunnelListCell.swift */ = {isa = PBXFileReference; lastKnownFileType = sourcecode.swift; path = TunnelListCell.swift; sourceTree = "<group>"; };
		5F4541A121C2D6DF00994C13 /* BorderedTextButton.swift */ = {isa = PBXFileReference; lastKnownFileType = sourcecode.swift; path = BorderedTextButton.swift; sourceTree = "<group>"; };
		5F4541A521C4449E00994C13 /* ButtonCell.swift */ = {isa = PBXFileReference; lastKnownFileType = sourcecode.swift; path = ButtonCell.swift; sourceTree = "<group>"; };
		5F4541A821C451D100994C13 /* TunnelStatus.swift */ = {isa = PBXFileReference; lastKnownFileType = sourcecode.swift; path = TunnelStatus.swift; sourceTree = "<group>"; };
		5F4541B121CBFAEE00994C13 /* String+ArrayConversion.swift */ = {isa = PBXFileReference; lastKnownFileType = sourcecode.swift; path = "String+ArrayConversion.swift"; sourceTree = "<group>"; };
		5F9696A921CD6AE6008063FE /* LegacyConfigMigration.swift */ = {isa = PBXFileReference; lastKnownFileType = sourcecode.swift; path = LegacyConfigMigration.swift; sourceTree = "<group>"; };
		5F9696AF21CD7128008063FE /* TunnelConfiguration+WgQuickConfig.swift */ = {isa = PBXFileReference; lastKnownFileType = sourcecode.swift; path = "TunnelConfiguration+WgQuickConfig.swift"; sourceTree = "<group>"; };
		5FF7B96121CC95DE00A7DD74 /* InterfaceConfiguration.swift */ = {isa = PBXFileReference; lastKnownFileType = sourcecode.swift; path = InterfaceConfiguration.swift; sourceTree = "<group>"; };
		5FF7B96421CC95FA00A7DD74 /* PeerConfiguration.swift */ = {isa = PBXFileReference; lastKnownFileType = sourcecode.swift; path = PeerConfiguration.swift; sourceTree = "<group>"; };
		6F5A2B4421AFDE020081EDD8 /* FileManager+Extension.swift */ = {isa = PBXFileReference; lastKnownFileType = sourcecode.swift; path = "FileManager+Extension.swift"; sourceTree = "<group>"; };
		6F5D0C1421832391000F85AD /* DNSResolver.swift */ = {isa = PBXFileReference; lastKnownFileType = sourcecode.swift; path = DNSResolver.swift; sourceTree = "<group>"; };
		6F5D0C1A218352EF000F85AD /* WireGuardNetworkExtensioniOS.appex */ = {isa = PBXFileReference; explicitFileType = "wrapper.app-extension"; includeInIndex = 0; path = WireGuardNetworkExtensioniOS.appex; sourceTree = BUILT_PRODUCTS_DIR; };
		6F5D0C1C218352EF000F85AD /* PacketTunnelProvider.swift */ = {isa = PBXFileReference; lastKnownFileType = sourcecode.swift; path = PacketTunnelProvider.swift; sourceTree = "<group>"; };
		6F5D0C1E218352EF000F85AD /* Info.plist */ = {isa = PBXFileReference; lastKnownFileType = text.plist.xml; path = Info.plist; sourceTree = "<group>"; };
		6F5D0C1F218352EF000F85AD /* WireGuardNetworkExtension.entitlements */ = {isa = PBXFileReference; lastKnownFileType = text.plist.entitlements; path = WireGuardNetworkExtension.entitlements; sourceTree = "<group>"; };
		6F5D0C3421839E37000F85AD /* WireGuardNetworkExtension-Bridging-Header.h */ = {isa = PBXFileReference; lastKnownFileType = sourcecode.c.h; path = "WireGuardNetworkExtension-Bridging-Header.h"; sourceTree = "<group>"; };
		6F5D0C472183C6A3000F85AD /* PacketTunnelSettingsGenerator.swift */ = {isa = PBXFileReference; lastKnownFileType = sourcecode.swift; path = PacketTunnelSettingsGenerator.swift; sourceTree = "<group>"; };
		6F61F1E821B932F700483816 /* WireGuardAppError.swift */ = {isa = PBXFileReference; lastKnownFileType = sourcecode.swift; path = WireGuardAppError.swift; sourceTree = "<group>"; };
		6F61F1EA21B937EF00483816 /* WireGuardResult.swift */ = {isa = PBXFileReference; lastKnownFileType = sourcecode.swift; path = WireGuardResult.swift; sourceTree = "<group>"; };
		6F628C3C217F09E9003482A3 /* TunnelViewModel.swift */ = {isa = PBXFileReference; lastKnownFileType = sourcecode.swift; path = TunnelViewModel.swift; sourceTree = "<group>"; };
		6F628C3E217F3413003482A3 /* DNSServer.swift */ = {isa = PBXFileReference; lastKnownFileType = sourcecode.swift; path = DNSServer.swift; sourceTree = "<group>"; };
		6F628C40217F47DB003482A3 /* TunnelDetailTableViewController.swift */ = {isa = PBXFileReference; fileEncoding = 4; lastKnownFileType = sourcecode.swift; path = TunnelDetailTableViewController.swift; sourceTree = "<group>"; };
		6F689999218043390012E523 /* WireGuard-Bridging-Header.h */ = {isa = PBXFileReference; lastKnownFileType = sourcecode.c.h; path = "WireGuard-Bridging-Header.h"; sourceTree = "<group>"; };
		6F6899A42180447E0012E523 /* x25519.h */ = {isa = PBXFileReference; fileEncoding = 4; lastKnownFileType = sourcecode.c.h; path = x25519.h; sourceTree = "<group>"; };
		6F6899A52180447E0012E523 /* x25519.c */ = {isa = PBXFileReference; fileEncoding = 4; lastKnownFileType = sourcecode.c.c; path = x25519.c; sourceTree = "<group>"; };
		6F6899A7218044FC0012E523 /* Curve25519.swift */ = {isa = PBXFileReference; lastKnownFileType = sourcecode.swift; path = Curve25519.swift; sourceTree = "<group>"; };
		6F693A552179E556008551C1 /* Endpoint.swift */ = {isa = PBXFileReference; lastKnownFileType = sourcecode.swift; path = Endpoint.swift; sourceTree = "<group>"; };
		6F7774DF217181B1006A79B3 /* MainViewController.swift */ = {isa = PBXFileReference; fileEncoding = 4; lastKnownFileType = sourcecode.swift; path = MainViewController.swift; sourceTree = "<group>"; };
		6F7774E0217181B1006A79B3 /* AppDelegate.swift */ = {isa = PBXFileReference; fileEncoding = 4; lastKnownFileType = sourcecode.swift; path = AppDelegate.swift; sourceTree = "<group>"; };
		6F7774E321718281006A79B3 /* TunnelsListTableViewController.swift */ = {isa = PBXFileReference; fileEncoding = 4; lastKnownFileType = sourcecode.swift; path = TunnelsListTableViewController.swift; sourceTree = "<group>"; };
		6F7774E72172020C006A79B3 /* TunnelConfiguration.swift */ = {isa = PBXFileReference; lastKnownFileType = sourcecode.swift; path = TunnelConfiguration.swift; sourceTree = "<group>"; };
		6F7774E9217229DB006A79B3 /* IPAddressRange.swift */ = {isa = PBXFileReference; lastKnownFileType = sourcecode.swift; path = IPAddressRange.swift; sourceTree = "<group>"; };
		6F7774EE21722D97006A79B3 /* TunnelsManager.swift */ = {isa = PBXFileReference; lastKnownFileType = sourcecode.swift; path = TunnelsManager.swift; sourceTree = "<group>"; };
		6F7774F221774263006A79B3 /* TunnelEditTableViewController.swift */ = {isa = PBXFileReference; lastKnownFileType = sourcecode.swift; path = TunnelEditTableViewController.swift; sourceTree = "<group>"; };
		6F7F7E5E21C7D74B00527607 /* TunnelErrors.swift */ = {isa = PBXFileReference; lastKnownFileType = sourcecode.swift; path = TunnelErrors.swift; sourceTree = "<group>"; };
		6F919EC2218A2AE90023B400 /* ErrorPresenter.swift */ = {isa = PBXFileReference; lastKnownFileType = sourcecode.swift; path = ErrorPresenter.swift; sourceTree = "<group>"; };
		6F919ED5218C65C50023B400 /* wireguard_doc_logo_22x29.png */ = {isa = PBXFileReference; lastKnownFileType = image.png; path = wireguard_doc_logo_22x29.png; sourceTree = "<group>"; };
		6F919ED6218C65C50023B400 /* wireguard_doc_logo_44x58.png */ = {isa = PBXFileReference; lastKnownFileType = image.png; path = wireguard_doc_logo_44x58.png; sourceTree = "<group>"; };
		6F919ED7218C65C50023B400 /* wireguard_doc_logo_64x64.png */ = {isa = PBXFileReference; lastKnownFileType = image.png; path = wireguard_doc_logo_64x64.png; sourceTree = "<group>"; };
		6F919ED8218C65C50023B400 /* wireguard_doc_logo_320x320.png */ = {isa = PBXFileReference; lastKnownFileType = image.png; path = wireguard_doc_logo_320x320.png; sourceTree = "<group>"; };
		6FB1017821C57DE600766195 /* MockTunnels.swift */ = {isa = PBXFileReference; lastKnownFileType = sourcecode.swift; path = MockTunnels.swift; sourceTree = "<group>"; };
		6FB1BD5D21D2607A00A991BF /* WireGuard.app */ = {isa = PBXFileReference; explicitFileType = wrapper.application; includeInIndex = 0; path = WireGuard.app; sourceTree = BUILT_PRODUCTS_DIR; };
		6FB1BD5F21D2607A00A991BF /* AppDelegate.swift */ = {isa = PBXFileReference; lastKnownFileType = sourcecode.swift; path = AppDelegate.swift; sourceTree = "<group>"; };
		6FB1BD6121D2607E00A991BF /* Assets.xcassets */ = {isa = PBXFileReference; lastKnownFileType = folder.assetcatalog; path = Assets.xcassets; sourceTree = "<group>"; };
		6FB1BD6421D2607E00A991BF /* Base */ = {isa = PBXFileReference; lastKnownFileType = file.xib; name = Base; path = Base.lproj/MainMenu.xib; sourceTree = "<group>"; };
		6FB1BD6621D2607E00A991BF /* Info.plist */ = {isa = PBXFileReference; lastKnownFileType = text.plist.xml; path = Info.plist; sourceTree = "<group>"; };
		6FB1BD6721D2607E00A991BF /* WireGuardmacOS.entitlements */ = {isa = PBXFileReference; lastKnownFileType = text.plist.entitlements; path = WireGuardmacOS.entitlements; sourceTree = "<group>"; };
		6FB1BD9121D4BFE600A991BF /* WireGuardNetworkExtensionmacOS.appex */ = {isa = PBXFileReference; explicitFileType = "wrapper.app-extension"; includeInIndex = 0; path = WireGuardNetworkExtensionmacOS.appex; sourceTree = BUILT_PRODUCTS_DIR; };
		6FB1BD9321D4BFE700A991BF /* PacketTunnelProvider.swift */ = {isa = PBXFileReference; lastKnownFileType = sourcecode.swift; path = PacketTunnelProvider.swift; sourceTree = "<group>"; };
		6FB1BD9521D4BFE700A991BF /* Info.plist */ = {isa = PBXFileReference; lastKnownFileType = text.plist.xml; path = Info.plist; sourceTree = "<group>"; };
		6FB1BD9621D4BFE700A991BF /* WireGuardNetworkExtensionmacOS.entitlements */ = {isa = PBXFileReference; lastKnownFileType = text.plist.entitlements; path = WireGuardNetworkExtensionmacOS.entitlements; sourceTree = "<group>"; };
		6FDEF7E321846C1A00D8FBF6 /* libwg-go.a */ = {isa = PBXFileReference; explicitFileType = archive.ar; path = "libwg-go.a"; sourceTree = BUILT_PRODUCTS_DIR; };
		6FDEF7E52185EFAF00D8FBF6 /* QRScanViewController.swift */ = {isa = PBXFileReference; fileEncoding = 4; lastKnownFileType = sourcecode.swift; path = QRScanViewController.swift; sourceTree = "<group>"; };
		6FDEF7F621863B6100D8FBF6 /* unzip.c */ = {isa = PBXFileReference; fileEncoding = 4; lastKnownFileType = sourcecode.c.c; path = unzip.c; sourceTree = "<group>"; };
		6FDEF7F721863B6100D8FBF6 /* zip.c */ = {isa = PBXFileReference; fileEncoding = 4; lastKnownFileType = sourcecode.c.c; path = zip.c; sourceTree = "<group>"; };
		6FDEF7F921863B6100D8FBF6 /* zip.h */ = {isa = PBXFileReference; fileEncoding = 4; lastKnownFileType = sourcecode.c.h; path = zip.h; sourceTree = "<group>"; };
		6FDEF7FA21863B6100D8FBF6 /* unzip.h */ = {isa = PBXFileReference; fileEncoding = 4; lastKnownFileType = sourcecode.c.h; path = unzip.h; sourceTree = "<group>"; };
		6FDEF7FE21863C0100D8FBF6 /* ioapi.h */ = {isa = PBXFileReference; fileEncoding = 4; lastKnownFileType = sourcecode.c.h; path = ioapi.h; sourceTree = "<group>"; };
		6FDEF7FF21863C0100D8FBF6 /* ioapi.c */ = {isa = PBXFileReference; fileEncoding = 4; lastKnownFileType = sourcecode.c.c; path = ioapi.c; sourceTree = "<group>"; };
		6FDEF801218646B900D8FBF6 /* ZipArchive.swift */ = {isa = PBXFileReference; fileEncoding = 4; lastKnownFileType = sourcecode.swift; path = ZipArchive.swift; sourceTree = "<group>"; };
		6FDEF805218725D200D8FBF6 /* SettingsTableViewController.swift */ = {isa = PBXFileReference; fileEncoding = 4; lastKnownFileType = sourcecode.swift; path = SettingsTableViewController.swift; sourceTree = "<group>"; };
		6FE1765521C90BBE002690EA /* Base */ = {isa = PBXFileReference; lastKnownFileType = text.plist.strings; name = Base; path = WireGuard/Base.lproj/Localizable.strings; sourceTree = "<group>"; };
		6FE1765921C90E87002690EA /* LocalizationHelper.swift */ = {isa = PBXFileReference; lastKnownFileType = sourcecode.swift; path = LocalizationHelper.swift; sourceTree = "<group>"; };
		6FE254FA219C10800028284D /* ZipImporter.swift */ = {isa = PBXFileReference; lastKnownFileType = sourcecode.swift; path = ZipImporter.swift; sourceTree = "<group>"; };
		6FE254FE219C60290028284D /* ZipExporter.swift */ = {isa = PBXFileReference; lastKnownFileType = sourcecode.swift; path = ZipExporter.swift; sourceTree = "<group>"; };
		6FF3526B21C23F960008484E /* ringlogger.h */ = {isa = PBXFileReference; fileEncoding = 4; lastKnownFileType = sourcecode.c.h; path = ringlogger.h; sourceTree = "<group>"; };
		6FF3526C21C23F960008484E /* ringlogger.c */ = {isa = PBXFileReference; fileEncoding = 4; lastKnownFileType = sourcecode.c.c; path = ringlogger.c; sourceTree = "<group>"; };
		6FF3526E21C23FA10008484E /* Logger.swift */ = {isa = PBXFileReference; lastKnownFileType = sourcecode.swift; path = Logger.swift; sourceTree = "<group>"; };
		6FF4AC14211EC46F002C96EB /* WireGuardiOS.app */ = {isa = PBXFileReference; explicitFileType = wrapper.application; includeInIndex = 0; name = WireGuardiOS.app; path = WireGuard.app; sourceTree = BUILT_PRODUCTS_DIR; };
		6FF4AC1E211EC472002C96EB /* Assets.xcassets */ = {isa = PBXFileReference; lastKnownFileType = folder.assetcatalog; path = Assets.xcassets; sourceTree = "<group>"; };
		6FF4AC21211EC472002C96EB /* Base */ = {isa = PBXFileReference; lastKnownFileType = file.storyboard; name = Base; path = Base.lproj/LaunchScreen.storyboard; sourceTree = "<group>"; };
		6FF4AC23211EC472002C96EB /* Info.plist */ = {isa = PBXFileReference; lastKnownFileType = text.plist.xml; path = Info.plist; sourceTree = "<group>"; };
		6FF4AC2B211EC776002C96EB /* Config.xcconfig */ = {isa = PBXFileReference; lastKnownFileType = text.xcconfig; name = Config.xcconfig; path = Config/Config.xcconfig; sourceTree = "<group>"; };
		6FF4AC462120B9E0002C96EB /* NetworkExtension.framework */ = {isa = PBXFileReference; lastKnownFileType = wrapper.framework; name = NetworkExtension.framework; path = System/Library/Frameworks/NetworkExtension.framework; sourceTree = SDKROOT; };
		6FF4AC482120B9E0002C96EB /* WireGuard.entitlements */ = {isa = PBXFileReference; lastKnownFileType = text.plist.entitlements; path = WireGuard.entitlements; sourceTree = "<group>"; };
		6FFA5D942194454A0001E2F7 /* NETunnelProviderProtocol+Extension.swift */ = {isa = PBXFileReference; lastKnownFileType = sourcecode.swift; path = "NETunnelProviderProtocol+Extension.swift"; sourceTree = "<group>"; };
		6FFA5D9F21958ECC0001E2F7 /* ErrorNotifier.swift */ = {isa = PBXFileReference; lastKnownFileType = sourcecode.swift; path = ErrorNotifier.swift; sourceTree = "<group>"; };
		6FFA5DA32197085D0001E2F7 /* ActivateOnDemandSetting.swift */ = {isa = PBXFileReference; lastKnownFileType = sourcecode.swift; path = ActivateOnDemandSetting.swift; sourceTree = "<group>"; };
/* End PBXFileReference section */

/* Begin PBXFrameworksBuildPhase section */
		6F5D0C17218352EF000F85AD /* Frameworks */ = {
			isa = PBXFrameworksBuildPhase;
			buildActionMask = 2147483647;
			files = (
				6FDEF7E421846C1A00D8FBF6 /* libwg-go.a in Frameworks */,
			);
			runOnlyForDeploymentPostprocessing = 0;
		};
		6FB1BD5A21D2607A00A991BF /* Frameworks */ = {
			isa = PBXFrameworksBuildPhase;
			buildActionMask = 2147483647;
			files = (
			);
			runOnlyForDeploymentPostprocessing = 0;
		};
		6FB1BD8E21D4BFE600A991BF /* Frameworks */ = {
			isa = PBXFrameworksBuildPhase;
			buildActionMask = 2147483647;
			files = (
			);
			runOnlyForDeploymentPostprocessing = 0;
		};
		6FF4AC11211EC46F002C96EB /* Frameworks */ = {
			isa = PBXFrameworksBuildPhase;
			buildActionMask = 2147483647;
			files = (
			);
			runOnlyForDeploymentPostprocessing = 0;
		};
/* End PBXFrameworksBuildPhase section */

/* Begin PBXGroup section */
		5F4541A721C44F5B00994C13 /* View */ = {
			isa = PBXGroup;
			children = (
				5F45419F21C2D6B700994C13 /* TunnelListCell.swift */,
				5F45418B21C2D48200994C13 /* TunnelEditKeyValueCell.swift */,
				5F45418F21C2D53800994C13 /* SwitchCell.swift */,
				5F45419721C2D60500994C13 /* KeyValueCell.swift */,
				5F4541A521C4449E00994C13 /* ButtonCell.swift */,
				5F45419121C2D55800994C13 /* CheckmarkCell.swift */,
				5F4541A121C2D6DF00994C13 /* BorderedTextButton.swift */,
			);
			path = View;
			sourceTree = "<group>";
		};
		5F4541AC21C4720B00994C13 /* ViewController */ = {
			isa = PBXGroup;
			children = (
				6F7774E321718281006A79B3 /* TunnelsListTableViewController.swift */,
				6F7774F221774263006A79B3 /* TunnelEditTableViewController.swift */,
				6FDEF7E52185EFAF00D8FBF6 /* QRScanViewController.swift */,
				6F628C40217F47DB003482A3 /* TunnelDetailTableViewController.swift */,
				6FDEF805218725D200D8FBF6 /* SettingsTableViewController.swift */,
				6F7774DF217181B1006A79B3 /* MainViewController.swift */,
			);
			path = ViewController;
			sourceTree = "<group>";
		};
		6F5D0C1B218352EF000F85AD /* WireGuardNetworkExtension */ = {
			isa = PBXGroup;
			children = (
				6F5D0C1C218352EF000F85AD /* PacketTunnelProvider.swift */,
				6F5D0C472183C6A3000F85AD /* PacketTunnelSettingsGenerator.swift */,
				6F5D0C1421832391000F85AD /* DNSResolver.swift */,
				6F5D0C1E218352EF000F85AD /* Info.plist */,
				6F5D0C1F218352EF000F85AD /* WireGuardNetworkExtension.entitlements */,
				6F5D0C3421839E37000F85AD /* WireGuardNetworkExtension-Bridging-Header.h */,
				6FFA5D9F21958ECC0001E2F7 /* ErrorNotifier.swift */,
			);
			path = WireGuardNetworkExtension;
			sourceTree = "<group>";
		};
		6F5D0C432183B4A4000F85AD /* Shared */ = {
			isa = PBXGroup;
			children = (
				6FF3526A21C23F720008484E /* Logging */,
				6F7774E6217201E0006A79B3 /* Model */,
				6F5A2B4421AFDE020081EDD8 /* FileManager+Extension.swift */,
			);
			path = Shared;
			sourceTree = "<group>";
		};
		6F6899A32180445A0012E523 /* Crypto */ = {
			isa = PBXGroup;
			children = (
				6F6899A52180447E0012E523 /* x25519.c */,
				6F6899A42180447E0012E523 /* x25519.h */,
				6F6899A7218044FC0012E523 /* Curve25519.swift */,
			);
			path = Crypto;
			sourceTree = "<group>";
		};
		6F7774DD217181B1006A79B3 /* UI */ = {
			isa = PBXGroup;
			children = (
				6F7774DE217181B1006A79B3 /* iOS */,
				6F628C3C217F09E9003482A3 /* TunnelViewModel.swift */,
			);
			path = UI;
			sourceTree = "<group>";
		};
		6F7774DE217181B1006A79B3 /* iOS */ = {
			isa = PBXGroup;
			children = (
				6FF4AC1E211EC472002C96EB /* Assets.xcassets */,
				6FF4AC20211EC472002C96EB /* LaunchScreen.storyboard */,
				5F4541AC21C4720B00994C13 /* ViewController */,
				5F4541A721C44F5B00994C13 /* View */,
				6F7774E0217181B1006A79B3 /* AppDelegate.swift */,
				6F919EC2218A2AE90023B400 /* ErrorPresenter.swift */,
				5F45417C21C1B23600994C13 /* UITableViewCell+Reuse.swift */,
			);
			path = iOS;
			sourceTree = "<group>";
		};
		6F7774E6217201E0006A79B3 /* Model */ = {
			isa = PBXGroup;
			children = (
				5F9696AF21CD7128008063FE /* TunnelConfiguration+WgQuickConfig.swift */,
				6FFA5D942194454A0001E2F7 /* NETunnelProviderProtocol+Extension.swift */,
				5F4541B121CBFAEE00994C13 /* String+ArrayConversion.swift */,
				5F9696A921CD6AE6008063FE /* LegacyConfigMigration.swift */,
				6F7774E72172020C006A79B3 /* TunnelConfiguration.swift */,
				6F7774E9217229DB006A79B3 /* IPAddressRange.swift */,
				6F693A552179E556008551C1 /* Endpoint.swift */,
				6F628C3E217F3413003482A3 /* DNSServer.swift */,
				5FF7B96121CC95DE00A7DD74 /* InterfaceConfiguration.swift */,
				5FF7B96421CC95FA00A7DD74 /* PeerConfiguration.swift */,
			);
			path = Model;
			sourceTree = "<group>";
		};
		6F7774ED21722D0C006A79B3 /* Tunnel */ = {
			isa = PBXGroup;
			children = (
				6F7774EE21722D97006A79B3 /* TunnelsManager.swift */,
				6FFA5DA32197085D0001E2F7 /* ActivateOnDemandSetting.swift */,
				5F4541A821C451D100994C13 /* TunnelStatus.swift */,
				6FB1017821C57DE600766195 /* MockTunnels.swift */,
				6F7F7E5E21C7D74B00527607 /* TunnelErrors.swift */,
			);
			path = Tunnel;
			sourceTree = "<group>";
		};
		6F919ED3218C65C50023B400 /* Resources */ = {
			isa = PBXGroup;
			children = (
				6F919ED4218C65C50023B400 /* DocumentIcons */,
			);
			path = Resources;
			sourceTree = "<group>";
		};
		6F919ED4218C65C50023B400 /* DocumentIcons */ = {
			isa = PBXGroup;
			children = (
				6F919ED5218C65C50023B400 /* wireguard_doc_logo_22x29.png */,
				6F919ED6218C65C50023B400 /* wireguard_doc_logo_44x58.png */,
				6F919ED7218C65C50023B400 /* wireguard_doc_logo_64x64.png */,
				6F919ED8218C65C50023B400 /* wireguard_doc_logo_320x320.png */,
			);
			path = DocumentIcons;
			sourceTree = "<group>";
		};
		6FB1BD5E21D2607A00A991BF /* WireGuardmacOS */ = {
			isa = PBXGroup;
			children = (
				6FB1BD5F21D2607A00A991BF /* AppDelegate.swift */,
				6FB1BD6121D2607E00A991BF /* Assets.xcassets */,
				6FB1BD6321D2607E00A991BF /* MainMenu.xib */,
				6FB1BD6621D2607E00A991BF /* Info.plist */,
				6FB1BD6721D2607E00A991BF /* WireGuardmacOS.entitlements */,
			);
			path = WireGuardmacOS;
			sourceTree = "<group>";
		};
		6FB1BD9221D4BFE700A991BF /* WireGuardNetworkExtensionmacOS */ = {
			isa = PBXGroup;
			children = (
				6FB1BD9321D4BFE700A991BF /* PacketTunnelProvider.swift */,
				6FB1BD9521D4BFE700A991BF /* Info.plist */,
				6FB1BD9621D4BFE700A991BF /* WireGuardNetworkExtensionmacOS.entitlements */,
			);
			path = WireGuardNetworkExtensionmacOS;
			sourceTree = "<group>";
		};
		6FDEF7E72186320E00D8FBF6 /* ZipArchive */ = {
			isa = PBXGroup;
			children = (
				6FE254FA219C10800028284D /* ZipImporter.swift */,
				6FE254FE219C60290028284D /* ZipExporter.swift */,
				6FDEF801218646B900D8FBF6 /* ZipArchive.swift */,
				6FDEF7F421863B6100D8FBF6 /* 3rdparty */,
			);
			path = ZipArchive;
			sourceTree = "<group>";
		};
		6FDEF7F421863B6100D8FBF6 /* 3rdparty */ = {
			isa = PBXGroup;
			children = (
				6FDEF7F521863B6100D8FBF6 /* minizip */,
			);
			path = 3rdparty;
			sourceTree = "<group>";
		};
		6FDEF7F521863B6100D8FBF6 /* minizip */ = {
			isa = PBXGroup;
			children = (
				6FDEF7FF21863C0100D8FBF6 /* ioapi.c */,
				6FDEF7FE21863C0100D8FBF6 /* ioapi.h */,
				6FDEF7F621863B6100D8FBF6 /* unzip.c */,
				6FDEF7FA21863B6100D8FBF6 /* unzip.h */,
				6FDEF7F721863B6100D8FBF6 /* zip.c */,
				6FDEF7F921863B6100D8FBF6 /* zip.h */,
			);
			path = minizip;
			sourceTree = "<group>";
		};
		6FF3526A21C23F720008484E /* Logging */ = {
			isa = PBXGroup;
			children = (
				6FF3526C21C23F960008484E /* ringlogger.c */,
				6FF3526B21C23F960008484E /* ringlogger.h */,
				6FF3526E21C23FA10008484E /* Logger.swift */,
			);
			path = Logging;
			sourceTree = "<group>";
		};
		6FF4AC0B211EC46F002C96EB = {
			isa = PBXGroup;
			children = (
				6FE1765421C90BBE002690EA /* Localizable.strings */,
				6F5D0C432183B4A4000F85AD /* Shared */,
				6FF4AC16211EC46F002C96EB /* WireGuard */,
				6F5D0C1B218352EF000F85AD /* WireGuardNetworkExtension */,
				6FB1BD5E21D2607A00A991BF /* WireGuardmacOS */,
				6FB1BD9221D4BFE700A991BF /* WireGuardNetworkExtensionmacOS */,
				6FF4AC15211EC46F002C96EB /* Products */,
				6FF4AC452120B9E0002C96EB /* Frameworks */,
			);
			sourceTree = "<group>";
		};
		6FF4AC15211EC46F002C96EB /* Products */ = {
			isa = PBXGroup;
			children = (
				6FF4AC14211EC46F002C96EB /* WireGuardiOS.app */,
				6F5D0C1A218352EF000F85AD /* WireGuardNetworkExtensioniOS.appex */,
				6FB1BD5D21D2607A00A991BF /* WireGuard.app */,
				6FB1BD9121D4BFE600A991BF /* WireGuardNetworkExtensionmacOS.appex */,
			);
			name = Products;
			sourceTree = "<group>";
		};
		6FF4AC16211EC46F002C96EB /* WireGuard */ = {
			isa = PBXGroup;
			children = (
				6F919ED3218C65C50023B400 /* Resources */,
				6F6899A32180445A0012E523 /* Crypto */,
				6F7774DD217181B1006A79B3 /* UI */,
				6F7774ED21722D0C006A79B3 /* Tunnel */,
				6FDEF7E72186320E00D8FBF6 /* ZipArchive */,
				6F61F1E821B932F700483816 /* WireGuardAppError.swift */,
				6F61F1EA21B937EF00483816 /* WireGuardResult.swift */,
				6FE1765921C90E87002690EA /* LocalizationHelper.swift */,
				6FF4AC482120B9E0002C96EB /* WireGuard.entitlements */,
				6FF4AC23211EC472002C96EB /* Info.plist */,
				6FF4AC2B211EC776002C96EB /* Config.xcconfig */,
				6F689999218043390012E523 /* WireGuard-Bridging-Header.h */,
			);
			path = WireGuard;
			sourceTree = "<group>";
		};
		6FF4AC452120B9E0002C96EB /* Frameworks */ = {
			isa = PBXGroup;
			children = (
				6FDEF7E321846C1A00D8FBF6 /* libwg-go.a */,
				6FF4AC462120B9E0002C96EB /* NetworkExtension.framework */,
			);
			name = Frameworks;
			sourceTree = "<group>";
		};
/* End PBXGroup section */

/* Begin PBXLegacyTarget section */
		6FDAA03421CE69D000FA6925 /* WireGuardGoBridgemacOS */ = {
			isa = PBXLegacyTarget;
			buildArgumentsString = "$(ACTION)";
			buildConfigurationList = 6FDAA03521CE69D000FA6925 /* Build configuration list for PBXLegacyTarget "WireGuardGoBridgemacOS" */;
			buildPhases = (
			);
			buildToolPath = /usr/bin/make;
			buildWorkingDirectory = "$(PROJECT_DIR)/../wireguard-go-bridge";
			dependencies = (
			);
			name = WireGuardGoBridgemacOS;
			passBuildSettingsInEnvironment = 1;
			productName = WireGuardGoBridge;
		};
		6FDEF7DD21846BC100D8FBF6 /* WireGuardGoBridgeiOS */ = {
			isa = PBXLegacyTarget;
			buildArgumentsString = "$(ACTION)";
			buildConfigurationList = 6FDEF7E021846BC700D8FBF6 /* Build configuration list for PBXLegacyTarget "WireGuardGoBridgeiOS" */;
			buildPhases = (
			);
			buildToolPath = /usr/bin/make;
			buildWorkingDirectory = "$(PROJECT_DIR)/../wireguard-go-bridge";
			dependencies = (
			);
			name = WireGuardGoBridgeiOS;
			passBuildSettingsInEnvironment = 1;
			productName = WireGuardGoBridge;
		};
/* End PBXLegacyTarget section */

/* Begin PBXNativeTarget section */
		6F5D0C19218352EF000F85AD /* WireGuardNetworkExtensioniOS */ = {
			isa = PBXNativeTarget;
			buildConfigurationList = 6F5D0C25218352EF000F85AD /* Build configuration list for PBXNativeTarget "WireGuardNetworkExtensioniOS" */;
			buildPhases = (
				5F45417B21C0906F00994C13 /* Swiftlint */,
				6F61F1EC21BA4D4700483816 /* Extract wireguard-go Version */,
				6F5D0C16218352EF000F85AD /* Sources */,
				6F5D0C17218352EF000F85AD /* Frameworks */,
				6F5D0C18218352EF000F85AD /* Resources */,
			);
			buildRules = (
			);
			dependencies = (
				6FDEF7E221846C0000D8FBF6 /* PBXTargetDependency */,
			);
			name = WireGuardNetworkExtensioniOS;
			productName = WireGuardNetworkExtension;
			productReference = 6F5D0C1A218352EF000F85AD /* WireGuardNetworkExtensioniOS.appex */;
			productType = "com.apple.product-type.app-extension";
		};
		6FB1BD5C21D2607A00A991BF /* WireGuardmacOS */ = {
			isa = PBXNativeTarget;
			buildConfigurationList = 6FB1BD6A21D2607E00A991BF /* Build configuration list for PBXNativeTarget "WireGuardmacOS" */;
			buildPhases = (
				6FB1BD5921D2607A00A991BF /* Sources */,
				6FB1BD5A21D2607A00A991BF /* Frameworks */,
				6FB1BD5B21D2607A00A991BF /* Resources */,
				6FB1BD9D21D4BFE700A991BF /* Embed App Extensions */,
			);
			buildRules = (
			);
			dependencies = (
				6FB1BD9821D4BFE700A991BF /* PBXTargetDependency */,
			);
			name = WireGuardmacOS;
			productName = WireGuardmacOS;
			productReference = 6FB1BD5D21D2607A00A991BF /* WireGuard.app */;
			productType = "com.apple.product-type.application";
		};
		6FB1BD9021D4BFE600A991BF /* WireGuardNetworkExtensionmacOS */ = {
			isa = PBXNativeTarget;
			buildConfigurationList = 6FB1BD9C21D4BFE700A991BF /* Build configuration list for PBXNativeTarget "WireGuardNetworkExtensionmacOS" */;
			buildPhases = (
				6FB1BD8D21D4BFE600A991BF /* Sources */,
				6FB1BD8E21D4BFE600A991BF /* Frameworks */,
				6FB1BD8F21D4BFE600A991BF /* Resources */,
			);
			buildRules = (
			);
			dependencies = (
			);
			name = WireGuardNetworkExtensionmacOS;
			productName = WireGuardNetworkExtensionmacOS;
			productReference = 6FB1BD9121D4BFE600A991BF /* WireGuardNetworkExtensionmacOS.appex */;
			productType = "com.apple.product-type.app-extension";
		};
		6FF4AC13211EC46F002C96EB /* WireGuardiOS */ = {
			isa = PBXNativeTarget;
			buildConfigurationList = 6FF4AC26211EC472002C96EB /* Build configuration list for PBXNativeTarget "WireGuardiOS" */;
			buildPhases = (
				5F784E5721CDF6DD00B8D9A0 /* Strip Trailing Whitespace */,
				5F45417A21C0902400994C13 /* Swiftlint */,
				6B87860E2189532500C099FB /* Extract wireguard-go Version */,
				6FF4AC10211EC46F002C96EB /* Sources */,
				6FF4AC11211EC46F002C96EB /* Frameworks */,
				6FF4AC12211EC46F002C96EB /* Resources */,
				6F5D0C26218352EF000F85AD /* Embed App Extensions */,
			);
			buildRules = (
			);
			dependencies = (
				6F5D0C21218352EF000F85AD /* PBXTargetDependency */,
			);
			name = WireGuardiOS;
			productName = WireGuard;
			productReference = 6FF4AC14211EC46F002C96EB /* WireGuardiOS.app */;
			productType = "com.apple.product-type.application";
		};
/* End PBXNativeTarget section */

/* Begin PBXProject section */
		6FF4AC0C211EC46F002C96EB /* Project object */ = {
			isa = PBXProject;
			attributes = {
				LastSwiftUpdateCheck = 1010;
				LastUpgradeCheck = 1010;
				ORGANIZATIONNAME = "WireGuard LLC";
				TargetAttributes = {
					6F5D0C19218352EF000F85AD = {
						CreatedOnToolsVersion = 10.0;
						LastSwiftMigration = 1000;
					};
					6FB1BD5C21D2607A00A991BF = {
						CreatedOnToolsVersion = 10.1;
					};
					6FB1BD9021D4BFE600A991BF = {
						CreatedOnToolsVersion = 10.1;
					};
					6FDEF7DD21846BC100D8FBF6 = {
						CreatedOnToolsVersion = 10.0;
					};
					6FF4AC13211EC46F002C96EB = {
						CreatedOnToolsVersion = 9.4.1;
						LastSwiftMigration = 1000;
						SystemCapabilities = {
							com.apple.ApplicationGroups.iOS = {
								enabled = 1;
							};
							com.apple.NetworkExtensions.iOS = {
								enabled = 1;
							};
						};
					};
				};
			};
			buildConfigurationList = 6FF4AC0F211EC46F002C96EB /* Build configuration list for PBXProject "WireGuard" */;
			compatibilityVersion = "Xcode 10.0";
			developmentRegion = en;
			hasScannedForEncodings = 0;
			knownRegions = (
				en,
				Base,
			);
			mainGroup = 6FF4AC0B211EC46F002C96EB;
			productRefGroup = 6FF4AC15211EC46F002C96EB /* Products */;
			projectDirPath = "";
			projectRoot = "";
			targets = (
				6FF4AC13211EC46F002C96EB /* WireGuardiOS */,
				6F5D0C19218352EF000F85AD /* WireGuardNetworkExtensioniOS */,
				6FDEF7DD21846BC100D8FBF6 /* WireGuardGoBridgeiOS */,
				6FB1BD5C21D2607A00A991BF /* WireGuardmacOS */,
				6FDAA03421CE69D000FA6925 /* WireGuardGoBridgemacOS */,
				6FB1BD9021D4BFE600A991BF /* WireGuardNetworkExtensionmacOS */,
			);
		};
/* End PBXProject section */

/* Begin PBXResourcesBuildPhase section */
		6F5D0C18218352EF000F85AD /* Resources */ = {
			isa = PBXResourcesBuildPhase;
			buildActionMask = 2147483647;
			files = (
			);
			runOnlyForDeploymentPostprocessing = 0;
		};
		6FB1BD5B21D2607A00A991BF /* Resources */ = {
			isa = PBXResourcesBuildPhase;
			buildActionMask = 2147483647;
			files = (
				6FB1BD6221D2607E00A991BF /* Assets.xcassets in Resources */,
				6FB1BD6521D2607E00A991BF /* MainMenu.xib in Resources */,
			);
			runOnlyForDeploymentPostprocessing = 0;
		};
		6FB1BD8F21D4BFE600A991BF /* Resources */ = {
			isa = PBXResourcesBuildPhase;
			buildActionMask = 2147483647;
			files = (
			);
			runOnlyForDeploymentPostprocessing = 0;
		};
		6FF4AC12211EC46F002C96EB /* Resources */ = {
			isa = PBXResourcesBuildPhase;
			buildActionMask = 2147483647;
			files = (
				6F919ED9218C65C50023B400 /* wireguard_doc_logo_22x29.png in Resources */,
				6FE1765621C90BBE002690EA /* Localizable.strings in Resources */,
				6FF4AC22211EC472002C96EB /* LaunchScreen.storyboard in Resources */,
				6F919EDA218C65C50023B400 /* wireguard_doc_logo_44x58.png in Resources */,
				6FF4AC1F211EC472002C96EB /* Assets.xcassets in Resources */,
				6F919EDB218C65C50023B400 /* wireguard_doc_logo_64x64.png in Resources */,
				6F919EDC218C65C50023B400 /* wireguard_doc_logo_320x320.png in Resources */,
			);
			runOnlyForDeploymentPostprocessing = 0;
		};
/* End PBXResourcesBuildPhase section */

/* Begin PBXShellScriptBuildPhase section */
		5F45417A21C0902400994C13 /* Swiftlint */ = {
			isa = PBXShellScriptBuildPhase;
			buildActionMask = 2147483647;
			files = (
			);
			inputFileListPaths = (
			);
			inputPaths = (
			);
			name = Swiftlint;
			outputFileListPaths = (
			);
			outputPaths = (
			);
			runOnlyForDeploymentPostprocessing = 0;
			shellPath = /bin/sh;
			shellScript = "if which swiftlint >/dev/null; then\n    swiftlint\nelse\n    echo \"warning: SwiftLint not installed, download from https://github.com/realm/SwiftLint\"\nfi\n";
		};
		5F45417B21C0906F00994C13 /* Swiftlint */ = {
			isa = PBXShellScriptBuildPhase;
			buildActionMask = 2147483647;
			files = (
			);
			inputFileListPaths = (
			);
			inputPaths = (
			);
			name = Swiftlint;
			outputFileListPaths = (
			);
			outputPaths = (
			);
			runOnlyForDeploymentPostprocessing = 0;
			shellPath = /bin/sh;
			shellScript = "if which swiftlint >/dev/null; then\n    swiftlint\nelse\n    echo \"warning: SwiftLint not installed, download from https://github.com/realm/SwiftLint\"\nfi\n";
		};
		5F784E5721CDF6DD00B8D9A0 /* Strip Trailing Whitespace */ = {
			isa = PBXShellScriptBuildPhase;
			buildActionMask = 2147483647;
			files = (
			);
			inputFileListPaths = (
			);
			inputPaths = (
			);
			name = "Strip Trailing Whitespace";
			outputFileListPaths = (
			);
			outputPaths = (
			);
			runOnlyForDeploymentPostprocessing = 0;
			shellPath = /bin/sh;
			shellScript = "find . -name '*.swift' -exec sed -i '' -E 's/[[:space:]]+$//g' {} +\n";
		};
		6B87860E2189532500C099FB /* Extract wireguard-go Version */ = {
			isa = PBXShellScriptBuildPhase;
			buildActionMask = 2147483647;
			files = (
			);
			inputFileListPaths = (
			);
			inputPaths = (
			);
			name = "Extract wireguard-go Version";
			outputFileListPaths = (
			);
			outputPaths = (
			);
			runOnlyForDeploymentPostprocessing = 0;
			shellPath = /bin/sh;
			shellScript = "exec make -C \"$PROJECT_DIR/../wireguard-go-bridge\" version-header\n";
			showEnvVarsInLog = 0;
		};
		6F61F1EC21BA4D4700483816 /* Extract wireguard-go Version */ = {
			isa = PBXShellScriptBuildPhase;
			buildActionMask = 2147483647;
			files = (
			);
			inputFileListPaths = (
			);
			inputPaths = (
			);
			name = "Extract wireguard-go Version";
			outputFileListPaths = (
			);
			outputPaths = (
			);
			runOnlyForDeploymentPostprocessing = 0;
			shellPath = /bin/sh;
			shellScript = "exec make -C \"$PROJECT_DIR/../wireguard-go-bridge\" version-header\n";
			showEnvVarsInLog = 0;
		};
/* End PBXShellScriptBuildPhase section */

/* Begin PBXSourcesBuildPhase section */
		6F5D0C16218352EF000F85AD /* Sources */ = {
			isa = PBXSourcesBuildPhase;
			buildActionMask = 2147483647;
			files = (
				6FF3527021C240160008484E /* ringlogger.c in Sources */,
				6FF3527121C240160008484E /* Logger.swift in Sources */,
				6F5A2B4621AFDED40081EDD8 /* FileManager+Extension.swift in Sources */,
				6FFA5DA021958ECC0001E2F7 /* ErrorNotifier.swift in Sources */,
				5F9696B121CD7128008063FE /* TunnelConfiguration+WgQuickConfig.swift in Sources */,
				6FFA5D96219446380001E2F7 /* NETunnelProviderProtocol+Extension.swift in Sources */,
				6FFA5D8E2194370D0001E2F7 /* TunnelConfiguration.swift in Sources */,
				5FF7B96621CC95FA00A7DD74 /* PeerConfiguration.swift in Sources */,
				5F9696AE21CD6F72008063FE /* String+ArrayConversion.swift in Sources */,
				6FFA5D8F2194370D0001E2F7 /* IPAddressRange.swift in Sources */,
				6FFA5D902194370D0001E2F7 /* Endpoint.swift in Sources */,
				5FF7B96321CC95DE00A7DD74 /* InterfaceConfiguration.swift in Sources */,
				6FFA5D9321943BC90001E2F7 /* DNSResolver.swift in Sources */,
				6FFA5D912194370D0001E2F7 /* DNSServer.swift in Sources */,
				5F9696AB21CD6AE6008063FE /* LegacyConfigMigration.swift in Sources */,
				6FFA5D8921942F320001E2F7 /* PacketTunnelSettingsGenerator.swift in Sources */,
				6F5D0C1D218352EF000F85AD /* PacketTunnelProvider.swift in Sources */,
			);
			runOnlyForDeploymentPostprocessing = 0;
		};
		6FB1BD5921D2607A00A991BF /* Sources */ = {
			isa = PBXSourcesBuildPhase;
			buildActionMask = 2147483647;
			files = (
				6FB1BD6021D2607A00A991BF /* AppDelegate.swift in Sources */,
			);
			runOnlyForDeploymentPostprocessing = 0;
		};
		6FB1BD8D21D4BFE600A991BF /* Sources */ = {
			isa = PBXSourcesBuildPhase;
			buildActionMask = 2147483647;
			files = (
				6FB1BD9421D4BFE700A991BF /* PacketTunnelProvider.swift in Sources */,
			);
			runOnlyForDeploymentPostprocessing = 0;
		};
		6FF4AC10211EC46F002C96EB /* Sources */ = {
			isa = PBXSourcesBuildPhase;
			buildActionMask = 2147483647;
			files = (
				6FE1765A21C90E87002690EA /* LocalizationHelper.swift in Sources */,
				6FF3527221C2616C0008484E /* ringlogger.c in Sources */,
				6FF3527321C2616C0008484E /* Logger.swift in Sources */,
				6F7774E421718281006A79B3 /* TunnelsListTableViewController.swift in Sources */,
				6F7774EF21722D97006A79B3 /* TunnelsManager.swift in Sources */,
				5F45417D21C1B23600994C13 /* UITableViewCell+Reuse.swift in Sources */,
				5F45419221C2D55800994C13 /* CheckmarkCell.swift in Sources */,
				6FE254FF219C60290028284D /* ZipExporter.swift in Sources */,
				6F693A562179E556008551C1 /* Endpoint.swift in Sources */,
				6FDEF7E62185EFB200D8FBF6 /* QRScanViewController.swift in Sources */,
				6FFA5D952194454A0001E2F7 /* NETunnelProviderProtocol+Extension.swift in Sources */,
				5FF7B96221CC95DE00A7DD74 /* InterfaceConfiguration.swift in Sources */,
				5F4541A921C451D100994C13 /* TunnelStatus.swift in Sources */,
				6F61F1E921B932F700483816 /* WireGuardAppError.swift in Sources */,
				6F6899A62180447E0012E523 /* x25519.c in Sources */,
				6F7774E2217181B1006A79B3 /* AppDelegate.swift in Sources */,
				6FDEF80021863C0100D8FBF6 /* ioapi.c in Sources */,
				6F7F7E5F21C7D74B00527607 /* TunnelErrors.swift in Sources */,
				6FDEF7FC21863B6100D8FBF6 /* zip.c in Sources */,
				6F628C3F217F3413003482A3 /* DNSServer.swift in Sources */,
				6F628C3D217F09E9003482A3 /* TunnelViewModel.swift in Sources */,
				5F4541A621C4449E00994C13 /* ButtonCell.swift in Sources */,
				5F45419821C2D60500994C13 /* KeyValueCell.swift in Sources */,
				6F919EC3218A2AE90023B400 /* ErrorPresenter.swift in Sources */,
				5F9696AA21CD6AE6008063FE /* LegacyConfigMigration.swift in Sources */,
				6F5A2B4821AFF49A0081EDD8 /* FileManager+Extension.swift in Sources */,
				5F45418C21C2D48200994C13 /* TunnelEditKeyValueCell.swift in Sources */,
				6FE254FB219C10800028284D /* ZipImporter.swift in Sources */,
				6F7774EA217229DB006A79B3 /* IPAddressRange.swift in Sources */,
				6F7774E82172020C006A79B3 /* TunnelConfiguration.swift in Sources */,
				6FDEF7FB21863B6100D8FBF6 /* unzip.c in Sources */,
				6F6899A8218044FC0012E523 /* Curve25519.swift in Sources */,
				5F4541A021C2D6B700994C13 /* TunnelListCell.swift in Sources */,
				5F9696B021CD7128008063FE /* TunnelConfiguration+WgQuickConfig.swift in Sources */,
				6F628C41217F47DB003482A3 /* TunnelDetailTableViewController.swift in Sources */,
				6F61F1EB21B937EF00483816 /* WireGuardResult.swift in Sources */,
				6F7774F321774263006A79B3 /* TunnelEditTableViewController.swift in Sources */,
				6FDEF802218646BA00D8FBF6 /* ZipArchive.swift in Sources */,
				5F45419021C2D53800994C13 /* SwitchCell.swift in Sources */,
				6FB1017921C57DE600766195 /* MockTunnels.swift in Sources */,
				6FDEF806218725D200D8FBF6 /* SettingsTableViewController.swift in Sources */,
				5F4541A221C2D6DF00994C13 /* BorderedTextButton.swift in Sources */,
				5FF7B96521CC95FA00A7DD74 /* PeerConfiguration.swift in Sources */,
				6F7774E1217181B1006A79B3 /* MainViewController.swift in Sources */,
				6FFA5DA42197085D0001E2F7 /* ActivateOnDemandSetting.swift in Sources */,
				5F4541B221CBFAEE00994C13 /* String+ArrayConversion.swift in Sources */,
			);
			runOnlyForDeploymentPostprocessing = 0;
		};
/* End PBXSourcesBuildPhase section */

/* Begin PBXTargetDependency section */
		6F5D0C21218352EF000F85AD /* PBXTargetDependency */ = {
			isa = PBXTargetDependency;
			target = 6F5D0C19218352EF000F85AD /* WireGuardNetworkExtensioniOS */;
			targetProxy = 6F5D0C20218352EF000F85AD /* PBXContainerItemProxy */;
		};
		6FB1BD9821D4BFE700A991BF /* PBXTargetDependency */ = {
			isa = PBXTargetDependency;
			target = 6FB1BD9021D4BFE600A991BF /* WireGuardNetworkExtensionmacOS */;
			targetProxy = 6FB1BD9721D4BFE700A991BF /* PBXContainerItemProxy */;
		};
		6FDEF7E221846C0000D8FBF6 /* PBXTargetDependency */ = {
			isa = PBXTargetDependency;
			target = 6FDEF7DD21846BC100D8FBF6 /* WireGuardGoBridgeiOS */;
			targetProxy = 6FDEF7E121846C0000D8FBF6 /* PBXContainerItemProxy */;
		};
/* End PBXTargetDependency section */

/* Begin PBXVariantGroup section */
		6FB1BD6321D2607E00A991BF /* MainMenu.xib */ = {
			isa = PBXVariantGroup;
			children = (
				6FB1BD6421D2607E00A991BF /* Base */,
			);
			name = MainMenu.xib;
			sourceTree = "<group>";
		};
		6FE1765421C90BBE002690EA /* Localizable.strings */ = {
			isa = PBXVariantGroup;
			children = (
				6FE1765521C90BBE002690EA /* Base */,
			);
			name = Localizable.strings;
			sourceTree = "<group>";
		};
		6FF4AC20211EC472002C96EB /* LaunchScreen.storyboard */ = {
			isa = PBXVariantGroup;
			children = (
				6FF4AC21211EC472002C96EB /* Base */,
			);
			name = LaunchScreen.storyboard;
			sourceTree = "<group>";
		};
/* End PBXVariantGroup section */

/* Begin XCBuildConfiguration section */
		6F5D0C23218352EF000F85AD /* Debug */ = {
			isa = XCBuildConfiguration;
			buildSettings = {
				CLANG_ENABLE_MODULES = YES;
				CODE_SIGN_ENTITLEMENTS = WireGuardNetworkExtension/WireGuardNetworkExtension.entitlements;
				CODE_SIGN_STYLE = Automatic;
				ENABLE_BITCODE = NO;
				INFOPLIST_FILE = WireGuardNetworkExtension/Info.plist;
				LD_RUNPATH_SEARCH_PATHS = (
					"$(inherited)",
					"@executable_path/Frameworks",
					"@executable_path/../../Frameworks",
				);
				MTL_ENABLE_DEBUG_INFO = INCLUDE_SOURCE;
				MTL_FAST_MATH = YES;
				PRODUCT_BUNDLE_IDENTIFIER = "$(APP_ID_IOS).network-extension";
				PRODUCT_NAME = "$(TARGET_NAME)";
				SKIP_INSTALL = YES;
				SWIFT_OBJC_BRIDGING_HEADER = "WireGuardNetworkExtension/WireGuardNetworkExtension-Bridging-Header.h";
				SWIFT_VERSION = 4.2;
			};
			name = Debug;
		};
		6F5D0C24218352EF000F85AD /* Release */ = {
			isa = XCBuildConfiguration;
			buildSettings = {
				CLANG_ENABLE_MODULES = YES;
				CODE_SIGN_ENTITLEMENTS = WireGuardNetworkExtension/WireGuardNetworkExtension.entitlements;
				CODE_SIGN_STYLE = Automatic;
				ENABLE_BITCODE = NO;
				INFOPLIST_FILE = WireGuardNetworkExtension/Info.plist;
				LD_RUNPATH_SEARCH_PATHS = (
					"$(inherited)",
					"@executable_path/Frameworks",
					"@executable_path/../../Frameworks",
				);
				MTL_FAST_MATH = YES;
				PRODUCT_BUNDLE_IDENTIFIER = "$(APP_ID_IOS).network-extension";
				PRODUCT_NAME = "$(TARGET_NAME)";
				SKIP_INSTALL = YES;
				SWIFT_OBJC_BRIDGING_HEADER = "WireGuardNetworkExtension/WireGuardNetworkExtension-Bridging-Header.h";
				SWIFT_VERSION = 4.2;
			};
			name = Release;
		};
		6FB1BD6821D2607E00A991BF /* Debug */ = {
			isa = XCBuildConfiguration;
			buildSettings = {
				ALWAYS_EMBED_SWIFT_STANDARD_LIBRARIES = YES;
				ASSETCATALOG_COMPILER_APPICON_NAME = AppIcon;
				CLANG_WARN_UNREACHABLE_CODE = YES;
				CODE_SIGN_ENTITLEMENTS = WireGuardmacOS/WireGuardmacOS.entitlements;
				CODE_SIGN_IDENTITY = "Mac Developer";
				CODE_SIGN_STYLE = Automatic;
				COMBINE_HIDPI_IMAGES = YES;
				DEBUG_INFORMATION_FORMAT = dwarf;
				GCC_DYNAMIC_NO_PIC = NO;
				GCC_OPTIMIZATION_LEVEL = 0;
				INFOPLIST_FILE = WireGuardmacOS/Info.plist;
				LD_RUNPATH_SEARCH_PATHS = (
					"$(inherited)",
					"@executable_path/../Frameworks",
				);
				MACOSX_DEPLOYMENT_TARGET = 10.14;
				MTL_ENABLE_DEBUG_INFO = INCLUDE_SOURCE;
				MTL_FAST_MATH = YES;
				PRODUCT_BUNDLE_IDENTIFIER = "$(APP_ID_MACOS)";
				PRODUCT_NAME = WireGuard;
				SDKROOT = macosx;
				SWIFT_VERSION = 4.2;
			};
			name = Debug;
		};
		6FB1BD6921D2607E00A991BF /* Release */ = {
			isa = XCBuildConfiguration;
			buildSettings = {
				ALWAYS_EMBED_SWIFT_STANDARD_LIBRARIES = YES;
				ASSETCATALOG_COMPILER_APPICON_NAME = AppIcon;
				CLANG_WARN_UNREACHABLE_CODE = YES;
				CODE_SIGN_ENTITLEMENTS = WireGuardmacOS/WireGuardmacOS.entitlements;
				CODE_SIGN_IDENTITY = "Mac Developer";
				CODE_SIGN_STYLE = Automatic;
				COMBINE_HIDPI_IMAGES = YES;
				DEBUG_INFORMATION_FORMAT = "dwarf-with-dsym";
				INFOPLIST_FILE = WireGuardmacOS/Info.plist;
				LD_RUNPATH_SEARCH_PATHS = (
					"$(inherited)",
					"@executable_path/../Frameworks",
				);
				MACOSX_DEPLOYMENT_TARGET = 10.14;
				MTL_FAST_MATH = YES;
				PRODUCT_BUNDLE_IDENTIFIER = "$(APP_ID_MACOS)";
				PRODUCT_NAME = WireGuard;
				SDKROOT = macosx;
				SWIFT_VERSION = 4.2;
			};
			name = Release;
		};
		6FB1BD9A21D4BFE700A991BF /* Debug */ = {
			isa = XCBuildConfiguration;
			buildSettings = {
				CLANG_WARN_UNREACHABLE_CODE = YES;
				CODE_SIGN_ENTITLEMENTS = WireGuardNetworkExtensionmacOS/WireGuardNetworkExtensionmacOS.entitlements;
				CODE_SIGN_IDENTITY = "Mac Developer";
				CODE_SIGN_STYLE = Automatic;
				DEBUG_INFORMATION_FORMAT = dwarf;
				GCC_DYNAMIC_NO_PIC = NO;
				GCC_OPTIMIZATION_LEVEL = 0;
				INFOPLIST_FILE = WireGuardNetworkExtensionmacOS/Info.plist;
				LD_RUNPATH_SEARCH_PATHS = (
					"$(inherited)",
					"@executable_path/../Frameworks",
					"@executable_path/../../../../Frameworks",
				);
				MACOSX_DEPLOYMENT_TARGET = 10.14;
				MTL_ENABLE_DEBUG_INFO = INCLUDE_SOURCE;
				MTL_FAST_MATH = YES;
				PRODUCT_BUNDLE_IDENTIFIER = "$(APP_ID_MACOS).network-extension";
				PRODUCT_NAME = "$(TARGET_NAME)";
				SDKROOT = macosx;
				SKIP_INSTALL = YES;
				SWIFT_VERSION = 4.2;
			};
			name = Debug;
		};
		6FB1BD9B21D4BFE700A991BF /* Release */ = {
			isa = XCBuildConfiguration;
			buildSettings = {
				CLANG_WARN_UNREACHABLE_CODE = YES;
				CODE_SIGN_ENTITLEMENTS = WireGuardNetworkExtensionmacOS/WireGuardNetworkExtensionmacOS.entitlements;
				CODE_SIGN_IDENTITY = "Mac Developer";
				CODE_SIGN_STYLE = Automatic;
				DEBUG_INFORMATION_FORMAT = "dwarf-with-dsym";
				INFOPLIST_FILE = WireGuardNetworkExtensionmacOS/Info.plist;
				LD_RUNPATH_SEARCH_PATHS = (
					"$(inherited)",
					"@executable_path/../Frameworks",
					"@executable_path/../../../../Frameworks",
				);
				MACOSX_DEPLOYMENT_TARGET = 10.14;
				MTL_FAST_MATH = YES;
				PRODUCT_BUNDLE_IDENTIFIER = "$(APP_ID_MACOS).network-extension";
				PRODUCT_NAME = "$(TARGET_NAME)";
				SDKROOT = macosx;
				SKIP_INSTALL = YES;
				SWIFT_VERSION = 4.2;
			};
			name = Release;
		};
		6FDAA03621CE69D000FA6925 /* Debug */ = {
			isa = XCBuildConfiguration;
			buildSettings = {
				CODE_SIGN_STYLE = Automatic;
				DEBUGGING_SYMBOLS = YES;
				GCC_GENERATE_DEBUGGING_SYMBOLS = YES;
				MTL_ENABLE_DEBUG_INFO = INCLUDE_SOURCE;
				MTL_FAST_MATH = YES;
				OTHER_CFLAGS = "";
				OTHER_LDFLAGS = "";
				PRODUCT_NAME = "$(TARGET_NAME)";
				SDKROOT = macosx;
			};
			name = Debug;
		};
		6FDAA03721CE69D000FA6925 /* Release */ = {
			isa = XCBuildConfiguration;
			buildSettings = {
				CODE_SIGN_STYLE = Automatic;
				MTL_FAST_MATH = YES;
				OTHER_CFLAGS = "";
				OTHER_LDFLAGS = "";
				PRODUCT_NAME = "$(TARGET_NAME)";
				SDKROOT = macosx;
			};
			name = Release;
		};
		6FDEF7DE21846BC100D8FBF6 /* Debug */ = {
			isa = XCBuildConfiguration;
			buildSettings = {
				CODE_SIGN_STYLE = Automatic;
				DEBUGGING_SYMBOLS = YES;
				GCC_GENERATE_DEBUGGING_SYMBOLS = YES;
				MTL_ENABLE_DEBUG_INFO = INCLUDE_SOURCE;
				MTL_FAST_MATH = YES;
				OTHER_CFLAGS = "";
				OTHER_LDFLAGS = "";
				PRODUCT_NAME = "$(TARGET_NAME)";
			};
			name = Debug;
		};
		6FDEF7DF21846BC100D8FBF6 /* Release */ = {
			isa = XCBuildConfiguration;
			buildSettings = {
				CODE_SIGN_STYLE = Automatic;
				MTL_FAST_MATH = YES;
				OTHER_CFLAGS = "";
				OTHER_LDFLAGS = "";
				PRODUCT_NAME = "$(TARGET_NAME)";
			};
			name = Release;
		};
		6FF4AC24211EC472002C96EB /* Debug */ = {
			isa = XCBuildConfiguration;
			baseConfigurationReference = 6FF4AC2B211EC776002C96EB /* Config.xcconfig */;
			buildSettings = {
				ALWAYS_SEARCH_USER_PATHS = NO;
				CLANG_ANALYZER_NONNULL = YES;
				CLANG_ANALYZER_NUMBER_OBJECT_CONVERSION = YES_AGGRESSIVE;
				CLANG_CXX_LANGUAGE_STANDARD = "gnu++14";
				CLANG_CXX_LIBRARY = "libc++";
				CLANG_ENABLE_MODULES = YES;
				CLANG_ENABLE_OBJC_ARC = YES;
				CLANG_ENABLE_OBJC_WEAK = YES;
				CLANG_WARN_BLOCK_CAPTURE_AUTORELEASING = YES;
				CLANG_WARN_BOOL_CONVERSION = YES;
				CLANG_WARN_COMMA = YES;
				CLANG_WARN_CONSTANT_CONVERSION = YES;
				CLANG_WARN_DEPRECATED_OBJC_IMPLEMENTATIONS = YES;
				CLANG_WARN_DIRECT_OBJC_ISA_USAGE = YES_ERROR;
				CLANG_WARN_DOCUMENTATION_COMMENTS = YES;
				CLANG_WARN_EMPTY_BODY = YES;
				CLANG_WARN_ENUM_CONVERSION = YES;
				CLANG_WARN_INFINITE_RECURSION = YES;
				CLANG_WARN_INT_CONVERSION = YES;
				CLANG_WARN_NON_LITERAL_NULL_CONVERSION = YES;
				CLANG_WARN_OBJC_IMPLICIT_RETAIN_SELF = YES;
				CLANG_WARN_OBJC_LITERAL_CONVERSION = YES;
				CLANG_WARN_OBJC_ROOT_CLASS = YES_ERROR;
				CLANG_WARN_RANGE_LOOP_ANALYSIS = YES;
				CLANG_WARN_STRICT_PROTOTYPES = YES;
				CLANG_WARN_SUSPICIOUS_MOVE = YES;
				CLANG_WARN_UNGUARDED_AVAILABILITY = YES_AGGRESSIVE;
				CLANG_WARN_UNREACHABLE_CODE = YES_AGGRESSIVE;
				CLANG_WARN__DUPLICATE_METHOD_MATCH = YES;
				CODE_SIGN_IDENTITY = "iPhone Developer";
				COPY_PHASE_STRIP = NO;
				ENABLE_STRICT_OBJC_MSGSEND = YES;
				ENABLE_TESTABILITY = YES;
				GCC_C_LANGUAGE_STANDARD = gnu11;
				GCC_NO_COMMON_BLOCKS = YES;
				GCC_OPTIMIZATION_LEVEL = 2;
				GCC_PREPROCESSOR_DEFINITIONS = (
					"DEBUG=1",
					"$(inherited)",
				);
				GCC_WARN_64_TO_32_BIT_CONVERSION = YES;
				GCC_WARN_ABOUT_RETURN_TYPE = YES_ERROR;
				GCC_WARN_UNDECLARED_SELECTOR = YES;
				GCC_WARN_UNINITIALIZED_AUTOS = YES_AGGRESSIVE;
				GCC_WARN_UNUSED_FUNCTION = YES;
				GCC_WARN_UNUSED_LABEL = YES;
				GCC_WARN_UNUSED_VARIABLE = YES;
				IPHONEOS_DEPLOYMENT_TARGET = 12.0;
				MTL_ENABLE_DEBUG_INFO = YES;
				ONLY_ACTIVE_ARCH = YES;
				SDKROOT = iphoneos;
				SWIFT_ACTIVE_COMPILATION_CONDITIONS = DEBUG;
				SWIFT_OPTIMIZATION_LEVEL = "-Onone";
				SWIFT_VERSION = 4.0;
				TARGETED_DEVICE_FAMILY = "1,2";
			};
			name = Debug;
		};
		6FF4AC25211EC472002C96EB /* Release */ = {
			isa = XCBuildConfiguration;
			baseConfigurationReference = 6FF4AC2B211EC776002C96EB /* Config.xcconfig */;
			buildSettings = {
				ALWAYS_SEARCH_USER_PATHS = NO;
				CLANG_ANALYZER_NONNULL = YES;
				CLANG_ANALYZER_NUMBER_OBJECT_CONVERSION = YES_AGGRESSIVE;
				CLANG_CXX_LANGUAGE_STANDARD = "gnu++14";
				CLANG_CXX_LIBRARY = "libc++";
				CLANG_ENABLE_MODULES = YES;
				CLANG_ENABLE_OBJC_ARC = YES;
				CLANG_ENABLE_OBJC_WEAK = YES;
				CLANG_WARN_BLOCK_CAPTURE_AUTORELEASING = YES;
				CLANG_WARN_BOOL_CONVERSION = YES;
				CLANG_WARN_COMMA = YES;
				CLANG_WARN_CONSTANT_CONVERSION = YES;
				CLANG_WARN_DEPRECATED_OBJC_IMPLEMENTATIONS = YES;
				CLANG_WARN_DIRECT_OBJC_ISA_USAGE = YES_ERROR;
				CLANG_WARN_DOCUMENTATION_COMMENTS = YES;
				CLANG_WARN_EMPTY_BODY = YES;
				CLANG_WARN_ENUM_CONVERSION = YES;
				CLANG_WARN_INFINITE_RECURSION = YES;
				CLANG_WARN_INT_CONVERSION = YES;
				CLANG_WARN_NON_LITERAL_NULL_CONVERSION = YES;
				CLANG_WARN_OBJC_IMPLICIT_RETAIN_SELF = YES;
				CLANG_WARN_OBJC_LITERAL_CONVERSION = YES;
				CLANG_WARN_OBJC_ROOT_CLASS = YES_ERROR;
				CLANG_WARN_RANGE_LOOP_ANALYSIS = YES;
				CLANG_WARN_STRICT_PROTOTYPES = YES;
				CLANG_WARN_SUSPICIOUS_MOVE = YES;
				CLANG_WARN_UNGUARDED_AVAILABILITY = YES_AGGRESSIVE;
				CLANG_WARN_UNREACHABLE_CODE = YES_AGGRESSIVE;
				CLANG_WARN__DUPLICATE_METHOD_MATCH = YES;
				CODE_SIGN_IDENTITY = "iPhone Developer";
				COPY_PHASE_STRIP = NO;
				ENABLE_NS_ASSERTIONS = NO;
				ENABLE_STRICT_OBJC_MSGSEND = YES;
				GCC_C_LANGUAGE_STANDARD = gnu11;
				GCC_NO_COMMON_BLOCKS = YES;
				GCC_OPTIMIZATION_LEVEL = fast;
				GCC_WARN_64_TO_32_BIT_CONVERSION = YES;
				GCC_WARN_ABOUT_RETURN_TYPE = YES_ERROR;
				GCC_WARN_UNDECLARED_SELECTOR = YES;
				GCC_WARN_UNINITIALIZED_AUTOS = YES_AGGRESSIVE;
				GCC_WARN_UNUSED_FUNCTION = YES;
				GCC_WARN_UNUSED_LABEL = YES;
				GCC_WARN_UNUSED_VARIABLE = YES;
				IPHONEOS_DEPLOYMENT_TARGET = 12.0;
				MTL_ENABLE_DEBUG_INFO = NO;
				SDKROOT = iphoneos;
				SWIFT_COMPILATION_MODE = wholemodule;
				SWIFT_OPTIMIZATION_LEVEL = "-O";
				SWIFT_VERSION = 4.0;
				TARGETED_DEVICE_FAMILY = "1,2";
				VALIDATE_PRODUCT = YES;
			};
			name = Release;
		};
		6FF4AC27211EC472002C96EB /* Debug */ = {
			isa = XCBuildConfiguration;
			buildSettings = {
				ALWAYS_EMBED_SWIFT_STANDARD_LIBRARIES = YES;
				ASSETCATALOG_COMPILER_APPICON_NAME = AppIcon;
				CODE_SIGN_ENTITLEMENTS = WireGuard/WireGuard.entitlements;
				CODE_SIGN_STYLE = Automatic;
				INFOPLIST_FILE = WireGuard/Info.plist;
				LD_RUNPATH_SEARCH_PATHS = (
					"$(inherited)",
					"@executable_path/Frameworks",
				);
				PRODUCT_BUNDLE_IDENTIFIER = "$(APP_ID_IOS)";
				PRODUCT_NAME = WireGuard;
				SWIFT_OBJC_BRIDGING_HEADER = "WireGuard/WireGuard-Bridging-Header.h";
				SWIFT_VERSION = 4.2;
			};
			name = Debug;
		};
		6FF4AC28211EC472002C96EB /* Release */ = {
			isa = XCBuildConfiguration;
			buildSettings = {
				ALWAYS_EMBED_SWIFT_STANDARD_LIBRARIES = YES;
				ASSETCATALOG_COMPILER_APPICON_NAME = AppIcon;
				CODE_SIGN_ENTITLEMENTS = WireGuard/WireGuard.entitlements;
				CODE_SIGN_STYLE = Automatic;
				INFOPLIST_FILE = WireGuard/Info.plist;
				LD_RUNPATH_SEARCH_PATHS = (
					"$(inherited)",
					"@executable_path/Frameworks",
				);
				PRODUCT_BUNDLE_IDENTIFIER = "$(APP_ID_IOS)";
				PRODUCT_NAME = WireGuard;
				SWIFT_OBJC_BRIDGING_HEADER = "WireGuard/WireGuard-Bridging-Header.h";
				SWIFT_VERSION = 4.2;
			};
			name = Release;
		};
/* End XCBuildConfiguration section */

/* Begin XCConfigurationList section */
		6F5D0C25218352EF000F85AD /* Build configuration list for PBXNativeTarget "WireGuardNetworkExtensioniOS" */ = {
			isa = XCConfigurationList;
			buildConfigurations = (
				6F5D0C23218352EF000F85AD /* Debug */,
				6F5D0C24218352EF000F85AD /* Release */,
			);
			defaultConfigurationIsVisible = 0;
			defaultConfigurationName = Release;
		};
		6FB1BD6A21D2607E00A991BF /* Build configuration list for PBXNativeTarget "WireGuardmacOS" */ = {
			isa = XCConfigurationList;
			buildConfigurations = (
				6FB1BD6821D2607E00A991BF /* Debug */,
				6FB1BD6921D2607E00A991BF /* Release */,
			);
			defaultConfigurationIsVisible = 0;
			defaultConfigurationName = Release;
		};
		6FB1BD9C21D4BFE700A991BF /* Build configuration list for PBXNativeTarget "WireGuardNetworkExtensionmacOS" */ = {
			isa = XCConfigurationList;
			buildConfigurations = (
				6FB1BD9A21D4BFE700A991BF /* Debug */,
				6FB1BD9B21D4BFE700A991BF /* Release */,
			);
			defaultConfigurationIsVisible = 0;
			defaultConfigurationName = Release;
		};
		6FDAA03521CE69D000FA6925 /* Build configuration list for PBXLegacyTarget "WireGuardGoBridgemacOS" */ = {
			isa = XCConfigurationList;
			buildConfigurations = (
				6FDAA03621CE69D000FA6925 /* Debug */,
				6FDAA03721CE69D000FA6925 /* Release */,
			);
			defaultConfigurationIsVisible = 0;
			defaultConfigurationName = Release;
		};
		6FDEF7E021846BC700D8FBF6 /* Build configuration list for PBXLegacyTarget "WireGuardGoBridgeiOS" */ = {
			isa = XCConfigurationList;
			buildConfigurations = (
				6FDEF7DE21846BC100D8FBF6 /* Debug */,
				6FDEF7DF21846BC100D8FBF6 /* Release */,
			);
			defaultConfigurationIsVisible = 0;
			defaultConfigurationName = Release;
		};
		6FF4AC0F211EC46F002C96EB /* Build configuration list for PBXProject "WireGuard" */ = {
			isa = XCConfigurationList;
			buildConfigurations = (
				6FF4AC24211EC472002C96EB /* Debug */,
				6FF4AC25211EC472002C96EB /* Release */,
			);
			defaultConfigurationIsVisible = 0;
			defaultConfigurationName = Release;
		};
		6FF4AC26211EC472002C96EB /* Build configuration list for PBXNativeTarget "WireGuardiOS" */ = {
			isa = XCConfigurationList;
			buildConfigurations = (
				6FF4AC27211EC472002C96EB /* Debug */,
				6FF4AC28211EC472002C96EB /* Release */,
			);
			defaultConfigurationIsVisible = 0;
			defaultConfigurationName = Release;
		};
/* End XCConfigurationList section */
	};
	rootObject = 6FF4AC0C211EC46F002C96EB /* Project object */;
}
