// !$*UTF8*$!
{
	archiveVersion = 1;
	classes = {
	};
	objectVersion = 50;
	objects = {

/* Begin PBXBuildFile section */
		6FF4AC18211EC46F002C96EB /* AppDelegate.swift in Sources */ = {isa = PBXBuildFile; fileRef = 6FF4AC17211EC46F002C96EB /* AppDelegate.swift */; };
		6FF4AC1F211EC472002C96EB /* Assets.xcassets in Resources */ = {isa = PBXBuildFile; fileRef = 6FF4AC1E211EC472002C96EB /* Assets.xcassets */; };
		6FF4AC22211EC472002C96EB /* LaunchScreen.storyboard in Resources */ = {isa = PBXBuildFile; fileRef = 6FF4AC20211EC472002C96EB /* LaunchScreen.storyboard */; };
		6FF4AC2F211F1F57002C96EB /* MainViewController.swift in Sources */ = {isa = PBXBuildFile; fileRef = 6FF4AC2E211F1F57002C96EB /* MainViewController.swift */; };
		6FF4AC472120B9E0002C96EB /* NetworkExtension.framework in Frameworks */ = {isa = PBXBuildFile; fileRef = 6FF4AC462120B9E0002C96EB /* NetworkExtension.framework */; };
/* End PBXBuildFile section */

/* Begin PBXFileReference section */
		6FF4AC14211EC46F002C96EB /* WireGuard.app */ = {isa = PBXFileReference; explicitFileType = wrapper.application; includeInIndex = 0; path = WireGuard.app; sourceTree = BUILT_PRODUCTS_DIR; };
		6FF4AC17211EC46F002C96EB /* AppDelegate.swift */ = {isa = PBXFileReference; lastKnownFileType = sourcecode.swift; path = AppDelegate.swift; sourceTree = "<group>"; };
		6FF4AC1E211EC472002C96EB /* Assets.xcassets */ = {isa = PBXFileReference; lastKnownFileType = folder.assetcatalog; path = Assets.xcassets; sourceTree = "<group>"; };
		6FF4AC21211EC472002C96EB /* Base */ = {isa = PBXFileReference; lastKnownFileType = file.storyboard; name = Base; path = Base.lproj/LaunchScreen.storyboard; sourceTree = "<group>"; };
		6FF4AC23211EC472002C96EB /* Info.plist */ = {isa = PBXFileReference; lastKnownFileType = text.plist.xml; path = Info.plist; sourceTree = "<group>"; };
		6FF4AC2B211EC776002C96EB /* Developer.xcconfig */ = {isa = PBXFileReference; lastKnownFileType = text.xcconfig; name = Developer.xcconfig; path = Config/Developer.xcconfig; sourceTree = "<group>"; };
		6FF4AC2E211F1F57002C96EB /* MainViewController.swift */ = {isa = PBXFileReference; lastKnownFileType = sourcecode.swift; path = MainViewController.swift; sourceTree = "<group>"; };
		6FF4AC462120B9E0002C96EB /* NetworkExtension.framework */ = {isa = PBXFileReference; lastKnownFileType = wrapper.framework; name = NetworkExtension.framework; path = System/Library/Frameworks/NetworkExtension.framework; sourceTree = SDKROOT; };
		6FF4AC482120B9E0002C96EB /* WireGuard.entitlements */ = {isa = PBXFileReference; lastKnownFileType = text.plist.entitlements; path = WireGuard.entitlements; sourceTree = "<group>"; };
/* End PBXFileReference section */

/* Begin PBXFrameworksBuildPhase section */
		6FF4AC11211EC46F002C96EB /* Frameworks */ = {
			isa = PBXFrameworksBuildPhase;
			buildActionMask = 2147483647;
			files = (
				6FF4AC472120B9E0002C96EB /* NetworkExtension.framework in Frameworks */,
			);
			runOnlyForDeploymentPostprocessing = 0;
		};
/* End PBXFrameworksBuildPhase section */

/* Begin PBXGroup section */
		6FF4AC0B211EC46F002C96EB = {
			isa = PBXGroup;
			children = (
				6FF4AC16211EC46F002C96EB /* WireGuard */,
				6FF4AC15211EC46F002C96EB /* Products */,
				6FF4AC452120B9E0002C96EB /* Frameworks */,
			);
			sourceTree = "<group>";
		};
		6FF4AC15211EC46F002C96EB /* Products */ = {
			isa = PBXGroup;
			children = (
				6FF4AC14211EC46F002C96EB /* WireGuard.app */,
			);
			name = Products;
			sourceTree = "<group>";
		};
		6FF4AC16211EC46F002C96EB /* WireGuard */ = {
			isa = PBXGroup;
			children = (
				6FF4AC482120B9E0002C96EB /* WireGuard.entitlements */,
				6FF4AC17211EC46F002C96EB /* AppDelegate.swift */,
				6FF4AC2E211F1F57002C96EB /* MainViewController.swift */,
				6FF4AC1E211EC472002C96EB /* Assets.xcassets */,
				6FF4AC20211EC472002C96EB /* LaunchScreen.storyboard */,
				6FF4AC23211EC472002C96EB /* Info.plist */,
				6FF4AC2B211EC776002C96EB /* Developer.xcconfig */,
			);
			path = WireGuard;
			sourceTree = "<group>";
		};
		6FF4AC452120B9E0002C96EB /* Frameworks */ = {
			isa = PBXGroup;
			children = (
				6FF4AC462120B9E0002C96EB /* NetworkExtension.framework */,
			);
			name = Frameworks;
			sourceTree = "<group>";
		};
/* End PBXGroup section */

/* Begin PBXNativeTarget section */
		6FF4AC13211EC46F002C96EB /* WireGuard */ = {
			isa = PBXNativeTarget;
			buildConfigurationList = 6FF4AC26211EC472002C96EB /* Build configuration list for PBXNativeTarget "WireGuard" */;
			buildPhases = (
				6FF4AC10211EC46F002C96EB /* Sources */,
				6FF4AC11211EC46F002C96EB /* Frameworks */,
				6FF4AC12211EC46F002C96EB /* Resources */,
			);
			buildRules = (
			);
			dependencies = (
			);
			name = WireGuard;
			productName = WireGuard;
			productReference = 6FF4AC14211EC46F002C96EB /* WireGuard.app */;
			productType = "com.apple.product-type.application";
		};
/* End PBXNativeTarget section */

/* Begin PBXProject section */
		6FF4AC0C211EC46F002C96EB /* Project object */ = {
			isa = PBXProject;
			attributes = {
				LastSwiftUpdateCheck = 0940;
				LastUpgradeCheck = 0940;
				ORGANIZATIONNAME = "Roopesh Chander";
				TargetAttributes = {
					6FF4AC13211EC46F002C96EB = {
						CreatedOnToolsVersion = 9.4.1;
						SystemCapabilities = {
							com.apple.NetworkExtensions.iOS = {
								enabled = 1;
							};
						};
					};
				};
			};
			buildConfigurationList = 6FF4AC0F211EC46F002C96EB /* Build configuration list for PBXProject "WireGuard" */;
			compatibilityVersion = "Xcode 9.3";
			developmentRegion = en;
			hasScannedForEncodings = 0;
			knownRegions = (
				en,
				Base,
			);
			mainGroup = 6FF4AC0B211EC46F002C96EB;
			productRefGroup = 6FF4AC15211EC46F002C96EB /* Products */;
			projectDirPath = "";
			projectRoot = "";
			targets = (
				6FF4AC13211EC46F002C96EB /* WireGuard */,
			);
		};
/* End PBXProject section */

/* Begin PBXResourcesBuildPhase section */
		6FF4AC12211EC46F002C96EB /* Resources */ = {
			isa = PBXResourcesBuildPhase;
			buildActionMask = 2147483647;
			files = (
				6FF4AC22211EC472002C96EB /* LaunchScreen.storyboard in Resources */,
				6FF4AC1F211EC472002C96EB /* Assets.xcassets in Resources */,
			);
			runOnlyForDeploymentPostprocessing = 0;
		};
/* End PBXResourcesBuildPhase section */

/* Begin PBXSourcesBuildPhase section */
		6FF4AC10211EC46F002C96EB /* Sources */ = {
			isa = PBXSourcesBuildPhase;
			buildActionMask = 2147483647;
			files = (
				6FF4AC18211EC46F002C96EB /* AppDelegate.swift in Sources */,
				6FF4AC2F211F1F57002C96EB /* MainViewController.swift in Sources */,
			);
			runOnlyForDeploymentPostprocessing = 0;
		};
/* End PBXSourcesBuildPhase section */

/* Begin PBXVariantGroup section */
		6FF4AC20211EC472002C96EB /* LaunchScreen.storyboard */ = {
			isa = PBXVariantGroup;
			children = (
				6FF4AC21211EC472002C96EB /* Base */,
			);
			name = LaunchScreen.storyboard;
			sourceTree = "<group>";
		};
/* End PBXVariantGroup section */

/* Begin XCBuildConfiguration section */
		6FF4AC24211EC472002C96EB /* Debug */ = {
			isa = XCBuildConfiguration;
			baseConfigurationReference = 6FF4AC2B211EC776002C96EB /* Developer.xcconfig */;
			buildSettings = {
				ALWAYS_SEARCH_USER_PATHS = NO;
				CLANG_ANALYZER_NONNULL = YES;
				CLANG_ANALYZER_NUMBER_OBJECT_CONVERSION = YES_AGGRESSIVE;
				CLANG_CXX_LANGUAGE_STANDARD = "gnu++14";
				CLANG_CXX_LIBRARY = "libc++";
				CLANG_ENABLE_MODULES = YES;
				CLANG_ENABLE_OBJC_ARC = YES;
				CLANG_ENABLE_OBJC_WEAK = YES;
				CLANG_WARN_BLOCK_CAPTURE_AUTORELEASING = YES;
				CLANG_WARN_BOOL_CONVERSION = YES;
				CLANG_WARN_COMMA = YES;
				CLANG_WARN_CONSTANT_CONVERSION = YES;
				CLANG_WARN_DEPRECATED_OBJC_IMPLEMENTATIONS = YES;
				CLANG_WARN_DIRECT_OBJC_ISA_USAGE = YES_ERROR;
				CLANG_WARN_DOCUMENTATION_COMMENTS = YES;
				CLANG_WARN_EMPTY_BODY = YES;
				CLANG_WARN_ENUM_CONVERSION = YES;
				CLANG_WARN_INFINITE_RECURSION = YES;
				CLANG_WARN_INT_CONVERSION = YES;
				CLANG_WARN_NON_LITERAL_NULL_CONVERSION = YES;
				CLANG_WARN_OBJC_IMPLICIT_RETAIN_SELF = YES;
				CLANG_WARN_OBJC_LITERAL_CONVERSION = YES;
				CLANG_WARN_OBJC_ROOT_CLASS = YES_ERROR;
				CLANG_WARN_RANGE_LOOP_ANALYSIS = YES;
				CLANG_WARN_STRICT_PROTOTYPES = YES;
				CLANG_WARN_SUSPICIOUS_MOVE = YES;
				CLANG_WARN_UNGUARDED_AVAILABILITY = YES_AGGRESSIVE;
				CLANG_WARN_UNREACHABLE_CODE = YES;
				CLANG_WARN__DUPLICATE_METHOD_MATCH = YES;
				CODE_SIGN_IDENTITY = "iPhone Developer";
				COPY_PHASE_STRIP = NO;
				DEBUG_INFORMATION_FORMAT = dwarf;
				ENABLE_STRICT_OBJC_MSGSEND = YES;
				ENABLE_TESTABILITY = YES;
				GCC_C_LANGUAGE_STANDARD = gnu11;
				GCC_DYNAMIC_NO_PIC = NO;
				GCC_NO_COMMON_BLOCKS = YES;
				GCC_OPTIMIZATION_LEVEL = 0;
				GCC_PREPROCESSOR_DEFINITIONS = (
					"DEBUG=1",
					"$(inherited)",
				);
				GCC_WARN_64_TO_32_BIT_CONVERSION = YES;
				GCC_WARN_ABOUT_RETURN_TYPE = YES_ERROR;
				GCC_WARN_UNDECLARED_SELECTOR = YES;
				GCC_WARN_UNINITIALIZED_AUTOS = YES_AGGRESSIVE;
				GCC_WARN_UNUSED_FUNCTION = YES;
				GCC_WARN_UNUSED_VARIABLE = YES;
				IPHONEOS_DEPLOYMENT_TARGET = 11.4;
				MTL_ENABLE_DEBUG_INFO = YES;
				ONLY_ACTIVE_ARCH = YES;
				SDKROOT = iphoneos;
				SWIFT_ACTIVE_COMPILATION_CONDITIONS = DEBUG;
				SWIFT_OPTIMIZATION_LEVEL = "-Onone";
			};
			name = Debug;
		};
		6FF4AC25211EC472002C96EB /* Release */ = {
			isa = XCBuildConfiguration;
			baseConfigurationReference = 6FF4AC2B211EC776002C96EB /* Developer.xcconfig */;
			buildSettings = {
				ALWAYS_SEARCH_USER_PATHS = NO;
				CLANG_ANALYZER_NONNULL = YES;
				CLANG_ANALYZER_NUMBER_OBJECT_CONVERSION = YES_AGGRESSIVE;
				CLANG_CXX_LANGUAGE_STANDARD = "gnu++14";
				CLANG_CXX_LIBRARY = "libc++";
				CLANG_ENABLE_MODULES = YES;
				CLANG_ENABLE_OBJC_ARC = YES;
				CLANG_ENABLE_OBJC_WEAK = YES;
				CLANG_WARN_BLOCK_CAPTURE_AUTORELEASING = YES;
				CLANG_WARN_BOOL_CONVERSION = YES;
				CLANG_WARN_COMMA = YES;
				CLANG_WARN_CONSTANT_CONVERSION = YES;
				CLANG_WARN_DEPRECATED_OBJC_IMPLEMENTATIONS = YES;
				CLANG_WARN_DIRECT_OBJC_ISA_USAGE = YES_ERROR;
				CLANG_WARN_DOCUMENTATION_COMMENTS = YES;
				CLANG_WARN_EMPTY_BODY = YES;
				CLANG_WARN_ENUM_CONVERSION = YES;
				CLANG_WARN_INFINITE_RECURSION = YES;
				CLANG_WARN_INT_CONVERSION = YES;
				CLANG_WARN_NON_LITERAL_NULL_CONVERSION = YES;
				CLANG_WARN_OBJC_IMPLICIT_RETAIN_SELF = YES;
				CLANG_WARN_OBJC_LITERAL_CONVERSION = YES;
				CLANG_WARN_OBJC_ROOT_CLASS = YES_ERROR;
				CLANG_WARN_RANGE_LOOP_ANALYSIS = YES;
				CLANG_WARN_STRICT_PROTOTYPES = YES;
				CLANG_WARN_SUSPICIOUS_MOVE = YES;
				CLANG_WARN_UNGUARDED_AVAILABILITY = YES_AGGRESSIVE;
				CLANG_WARN_UNREACHABLE_CODE = YES;
				CLANG_WARN__DUPLICATE_METHOD_MATCH = YES;
				CODE_SIGN_IDENTITY = "iPhone Developer";
				COPY_PHASE_STRIP = NO;
				DEBUG_INFORMATION_FORMAT = "dwarf-with-dsym";
				ENABLE_NS_ASSERTIONS = NO;
				ENABLE_STRICT_OBJC_MSGSEND = YES;
				GCC_C_LANGUAGE_STANDARD = gnu11;
				GCC_NO_COMMON_BLOCKS = YES;
				GCC_WARN_64_TO_32_BIT_CONVERSION = YES;
				GCC_WARN_ABOUT_RETURN_TYPE = YES_ERROR;
				GCC_WARN_UNDECLARED_SELECTOR = YES;
				GCC_WARN_UNINITIALIZED_AUTOS = YES_AGGRESSIVE;
				GCC_WARN_UNUSED_FUNCTION = YES;
				GCC_WARN_UNUSED_VARIABLE = YES;
				IPHONEOS_DEPLOYMENT_TARGET = 11.4;
				MTL_ENABLE_DEBUG_INFO = NO;
				SDKROOT = iphoneos;
				SWIFT_COMPILATION_MODE = wholemodule;
				SWIFT_OPTIMIZATION_LEVEL = "-O";
				VALIDATE_PRODUCT = YES;
			};
			name = Release;
		};
		6FF4AC27211EC472002C96EB /* Debug */ = {
			isa = XCBuildConfiguration;
			buildSettings = {
				ASSETCATALOG_COMPILER_APPICON_NAME = AppIcon;
				CODE_SIGN_ENTITLEMENTS = WireGuard/WireGuard.entitlements;
				CODE_SIGN_STYLE = Automatic;
				INFOPLIST_FILE = WireGuard/Info.plist;
				LD_RUNPATH_SEARCH_PATHS = (
					"$(inherited)",
					"@executable_path/Frameworks",
				);
				PRODUCT_NAME = "$(TARGET_NAME)";
				SWIFT_VERSION = 4.0;
				TARGETED_DEVICE_FAMILY = "1,2";
			};
			name = Debug;
		};
		6FF4AC28211EC472002C96EB /* Release */ = {
			isa = XCBuildConfiguration;
			buildSettings = {
				ASSETCATALOG_COMPILER_APPICON_NAME = AppIcon;
				CODE_SIGN_ENTITLEMENTS = WireGuard/WireGuard.entitlements;
				CODE_SIGN_STYLE = Automatic;
				INFOPLIST_FILE = WireGuard/Info.plist;
				LD_RUNPATH_SEARCH_PATHS = (
					"$(inherited)",
					"@executable_path/Frameworks",
				);
				PRODUCT_NAME = "$(TARGET_NAME)";
				SWIFT_VERSION = 4.0;
				TARGETED_DEVICE_FAMILY = "1,2";
			};
			name = Release;
		};
/* End XCBuildConfiguration section */

/* Begin XCConfigurationList section */
		6FF4AC0F211EC46F002C96EB /* Build configuration list for PBXProject "WireGuard" */ = {
			isa = XCConfigurationList;
			buildConfigurations = (
				6FF4AC24211EC472002C96EB /* Debug */,
				6FF4AC25211EC472002C96EB /* Release */,
			);
			defaultConfigurationIsVisible = 0;
			defaultConfigurationName = Release;
		};
		6FF4AC26211EC472002C96EB /* Build configuration list for PBXNativeTarget "WireGuard" */ = {
			isa = XCConfigurationList;
			buildConfigurations = (
				6FF4AC27211EC472002C96EB /* Debug */,
				6FF4AC28211EC472002C96EB /* Release */,
			);
			defaultConfigurationIsVisible = 0;
			defaultConfigurationName = Release;
		};
/* End XCConfigurationList section */
	};
	rootObject = 6FF4AC0C211EC46F002C96EB /* Project object */;
}
