PODS:
  - BNRCoreDataStack (2.3.1)
  - Disk (0.3.3)
  - PromiseKit/CorePromise (6.3.4)
  - SwiftLint (0.27.0)

DEPENDENCIES:
  - BNRCoreDataStack
  - Disk
  - PromiseKit/CorePromise
  - SwiftLint

SPEC REPOS:
  https://github.com/cocoapods/specs.git:
    - BNRCoreDataStack
    - Disk
    - PromiseKit
    - SwiftLint

SPEC CHECKSUMS:
  BNRCoreDataStack: d9d7d0ed1afd27dca5a903dde1250aa4c6dbc3f5
  Disk: d1f55cd61f6ca20f368232d0c6e37e3c3dfcb63e
  PromiseKit: e1425568123ec844a944c93f2bcb29d511d39cf5
  SwiftLint: 3207c1faa2240bf8973b191820a116113cd11073

PODFILE CHECKSUM: 82a0eed9b58c48f9be6c02c4e9d17a979a496c18

COCOAPODS: 1.5.3
