{
  "object": {
    "pins": [
      {
        "package": "WireGuardKit",
        "repositoryURL": "https://git.zx2c4.com/wireguard-apple",
        "state": {
          "branch": "am/wg-adapter-rebased",
          "revision": "e52f83b915a985a945dff622e5f48fa52e96f045",
          "version": null
        }
      }
    ]
  },
  "version": 1
}
