{
  "object": {
    "pins": [
      {
        "package": "WireGuardKit",
        "repositoryURL": "https://git.zx2c4.com/wireguard-apple",
        "state": {
          "branch": "master",
          "revision": "737f847c0db36429f7136fb514409c22e13a70ee",
          "version": null
        }
      }
    ]
  },
  "version": 1
}
